// !$*UTF8*$!
{
	archiveVersion = 1;
	classes = {
	};
	objectVersion = 46;
	objects = {

/* Begin PBXBuildFile section */
		3741853E17DFFF3300D68688 /* kamikuzu.png in Resources */ = {isa = PBXBuildFile; fileRef = 3741853D17DFFF3300D68688 /* kamikuzu.png */; };
		3741854017E02E7D00D68688 /* tarai.png in Resources */ = {isa = PBXBuildFile; fileRef = 3741853F17E02E7D00D68688 /* tarai.png */; };
		3741854217E0393E00D68688 /* yagi_kao_tarai.png in Resources */ = {isa = PBXBuildFile; fileRef = 3741854117E0393E00D68688 /* yagi_kao_tarai.png */; };
		3741854517E03D7600D68688 /* tarai.wav in Resources */ = {isa = PBXBuildFile; fileRef = 3741854417E03D7600D68688 /* tarai.wav */; };
		3741854717E0408C00D68688 /* AudioToolbox.framework in Frameworks */ = {isa = PBXBuildFile; fileRef = 3741854617E0408C00D68688 /* AudioToolbox.framework */; };
		3741854917E0505D00D68688 /* startbutton.png in Resources */ = {isa = PBXBuildFile; fileRef = 3741854817E0505D00D68688 /* startbutton.png */; };
		3741854B17E07D0000D68688 /* paper.png in Resources */ = {isa = PBXBuildFile; fileRef = 3741854A17E07D0000D68688 /* paper.png */; };
		3741854E17E082AE00D68688 /* Default-568h@2x.png in Resources */ = {isa = PBXBuildFile; fileRef = 4AA1DEAE17E04EC80023B26E /* Default-568h@2x.png */; };
		3741854F17E083FE00D68688 /* Default.png in Resources */ = {isa = PBXBuildFile; fileRef = 4A8B068017E0438E00B408BB /* Default.png */; };
		3741855017E0840A00D68688 /* Default@2x.png in Resources */ = {isa = PBXBuildFile; fileRef = 4A8B067E17E042EF00B408BB /* Default@2x.png */; };
		3741855D17E0A3E700D68688 /* background.png in Resources */ = {isa = PBXBuildFile; fileRef = 3741855217E0A3E700D68688 /* background.png */; };
		3741855E17E0A3E700D68688 /* heart-big.png in Resources */ = {isa = PBXBuildFile; fileRef = 3741855317E0A3E700D68688 /* heart-big.png */; };
		3741855F17E0A3E700D68688 /* heart.png in Resources */ = {isa = PBXBuildFile; fileRef = 3741855417E0A3E700D68688 /* heart.png */; };
		3741856017E0A3E700D68688 /* paper_2.jpg in Resources */ = {isa = PBXBuildFile; fileRef = 3741855517E0A3E700D68688 /* paper_2.jpg */; };
		3741856117E0A3E700D68688 /* saku.png in Resources */ = {isa = PBXBuildFile; fileRef = 3741855617E0A3E700D68688 /* saku.png */; };
		3741856217E0A3E700D68688 /* status_bar.png in Resources */ = {isa = PBXBuildFile; fileRef = 3741855717E0A3E700D68688 /* status_bar.png */; };
		3741856417E0A3E700D68688 /* えさ-down.png in Resources */ = {isa = PBXBuildFile; fileRef = 3741855917E0A3E700D68688 /* えさ-down.png */; };
		3741856517E0A3E700D68688 /* えさ.png in Resources */ = {isa = PBXBuildFile; fileRef = 3741855A17E0A3E700D68688 /* えさ.png */; };
		3741856617E0A3E700D68688 /* おきに-down.png in Resources */ = {isa = PBXBuildFile; fileRef = 3741855B17E0A3E700D68688 /* おきに-down.png */; };
		3741856717E0A3E700D68688 /* おきに.png in Resources */ = {isa = PBXBuildFile; fileRef = 3741855C17E0A3E700D68688 /* おきに.png */; };
		3741856A17E0A6D300D68688 /* button-down.png in Resources */ = {isa = PBXBuildFile; fileRef = 3741856817E0A6D100D68688 /* button-down.png */; };
		3741856B17E0A6D300D68688 /* button-up.png in Resources */ = {isa = PBXBuildFile; fileRef = 3741856917E0A6D200D68688 /* button-up.png */; };
		3741856D17E0AD6000D68688 /* preference.png in Resources */ = {isa = PBXBuildFile; fileRef = 3741856C17E0AD6000D68688 /* preference.png */; };
		3742D34A17E15CB900C83680 /* back-down.png in Resources */ = {isa = PBXBuildFile; fileRef = 3742D34817E15CB800C83680 /* back-down.png */; };
		3742D34B17E15CB900C83680 /* back.png in Resources */ = {isa = PBXBuildFile; fileRef = 3742D34917E15CB900C83680 /* back.png */; };
		3742D34D17E18B1900C83680 /* story.png in Resources */ = {isa = PBXBuildFile; fileRef = 3742D34C17E18B1900C83680 /* story.png */; };
		3742D34F17E1984F00C83680 /* tutorial.png in Resources */ = {isa = PBXBuildFile; fileRef = 3742D34E17E1984F00C83680 /* tutorial.png */; };
		3742D35317E1B07C00C83680 /* clock.png in Resources */ = {isa = PBXBuildFile; fileRef = 3742D35017E1B07B00C83680 /* clock.png */; };
		3742D35417E1B07C00C83680 /* crown.png in Resources */ = {isa = PBXBuildFile; fileRef = 3742D35117E1B07B00C83680 /* crown.png */; };
		3742D35517E1B07C00C83680 /* scroll.png in Resources */ = {isa = PBXBuildFile; fileRef = 3742D35217E1B07B00C83680 /* scroll.png */; };
		3742D35817E1B69E00C83680 /* total-heart.png in Resources */ = {isa = PBXBuildFile; fileRef = 3742D35617E1B69D00C83680 /* total-heart.png */; };
		3742D35917E1B69E00C83680 /* vocant-heart.png in Resources */ = {isa = PBXBuildFile; fileRef = 3742D35717E1B69D00C83680 /* vocant-heart.png */; };
		3742D35D17E1CAD200C83680 /* setting.png in Resources */ = {isa = PBXBuildFile; fileRef = 3742D35B17E1CAD100C83680 /* setting.png */; };
		3742D36017E1D66100C83680 /* config_background_new.png in Resources */ = {isa = PBXBuildFile; fileRef = 3742D35E17E1D65F00C83680 /* config_background_new.png */; };
		3742D36317E1D86600C83680 /* tutorial_new2.png in Resources */ = {isa = PBXBuildFile; fileRef = 3742D36217E1D86500C83680 /* tutorial_new2.png */; };
		3742D36517E1ECA400C83680 /* batu2.png in Resources */ = {isa = PBXBuildFile; fileRef = 3742D36417E1ECA400C83680 /* batu2.png */; };
		374D792A17D822D000FAE80C /* UIKit.framework in Frameworks */ = {isa = PBXBuildFile; fileRef = 374D792917D822D000FAE80C /* UIKit.framework */; };
		374D792C17D822D000FAE80C /* Foundation.framework in Frameworks */ = {isa = PBXBuildFile; fileRef = 374D792B17D822D000FAE80C /* Foundation.framework */; };
		374D792E17D822D000FAE80C /* CoreGraphics.framework in Frameworks */ = {isa = PBXBuildFile; fileRef = 374D792D17D822D000FAE80C /* CoreGraphics.framework */; };
		374D793417D822D000FAE80C /* InfoPlist.strings in Resources */ = {isa = PBXBuildFile; fileRef = 374D793217D822D000FAE80C /* InfoPlist.strings */; };
		374D793617D822D000FAE80C /* main.m in Sources */ = {isa = PBXBuildFile; fileRef = 374D793517D822D000FAE80C /* main.m */; };
		374D793A17D822D000FAE80C /* AppDelegate.m in Sources */ = {isa = PBXBuildFile; fileRef = 374D793917D822D000FAE80C /* AppDelegate.m */; };
		374D793E17D822D000FAE80C /* Default@2x.png in Resources */ = {isa = PBXBuildFile; fileRef = 374D793D17D822D000FAE80C /* Default@2x.png */; };
		374D794017D822D000FAE80C /* Default-568h@2x.png in Resources */ = {isa = PBXBuildFile; fileRef = 374D793F17D822D000FAE80C /* Default-568h@2x.png */; };
		374D794317D822D000FAE80C /* ViewController.m in Sources */ = {isa = PBXBuildFile; fileRef = 374D794217D822D000FAE80C /* ViewController.m */; };
		374D794617D822D000FAE80C /* ViewController.xib in Resources */ = {isa = PBXBuildFile; fileRef = 374D794417D822D000FAE80C /* ViewController.xib */; };
		374D795E17D8291E00FAE80C /* gort.png in Resources */ = {isa = PBXBuildFile; fileRef = 374D795B17D8291E00FAE80C /* gort.png */; };
		374D795F17D8291E00FAE80C /* grassland.jpeg in Resources */ = {isa = PBXBuildFile; fileRef = 374D795C17D8291E00FAE80C /* grassland.jpeg */; };
		374D796017D8291E00FAE80C /* signBoard.png in Resources */ = {isa = PBXBuildFile; fileRef = 374D795D17D8291E00FAE80C /* signBoard.png */; };
		374D797317D8463800FAE80C /* FoodUIViewController.m in Sources */ = {isa = PBXBuildFile; fileRef = 374D797117D8463800FAE80C /* FoodUIViewController.m */; };
		374D797417D8463800FAE80C /* FoodUIViewController.xib in Resources */ = {isa = PBXBuildFile; fileRef = 374D797217D8463800FAE80C /* FoodUIViewController.xib */; };
		374D797D17D8552B00FAE80C /* bubbleView.m in Sources */ = {isa = PBXBuildFile; fileRef = 374D797C17D8552B00FAE80C /* bubbleView.m */; };
		375137BE17D976150069A12C /* Accounts.framework in Frameworks */ = {isa = PBXBuildFile; fileRef = 375137BD17D976150069A12C /* Accounts.framework */; };
		375137C017D9761F0069A12C /* Social.framework in Frameworks */ = {isa = PBXBuildFile; fileRef = 375137BF17D9761F0069A12C /* Social.framework */; };
		37778AFA17DC6DA7004F51A5 /* NSString+STTwitter.m in Sources */ = {isa = PBXBuildFile; fileRef = 37778AEB17DC6DA7004F51A5 /* NSString+STTwitter.m */; };
		37778AFB17DC6DA7004F51A5 /* STHTTPRequest+STTwitter.m in Sources */ = {isa = PBXBuildFile; fileRef = 37778AED17DC6DA7004F51A5 /* STHTTPRequest+STTwitter.m */; };
		37778AFC17DC6DA7004F51A5 /* STTwitterAPI.m in Sources */ = {isa = PBXBuildFile; fileRef = 37778AF017DC6DA7004F51A5 /* STTwitterAPI.m */; };
		37778AFD17DC6DA7004F51A5 /* STTwitterAppOnly.m in Sources */ = {isa = PBXBuildFile; fileRef = 37778AF217DC6DA7004F51A5 /* STTwitterAppOnly.m */; };
		37778AFE17DC6DA7004F51A5 /* STTwitterHTML.m in Sources */ = {isa = PBXBuildFile; fileRef = 37778AF417DC6DA7004F51A5 /* STTwitterHTML.m */; };
		37778AFF17DC6DA7004F51A5 /* STTwitterOAuth.m in Sources */ = {isa = PBXBuildFile; fileRef = 37778AF617DC6DA7004F51A5 /* STTwitterOAuth.m */; };
		37778B0017DC6DA7004F51A5 /* STTwitterOS.m in Sources */ = {isa = PBXBuildFile; fileRef = 37778AF817DC6DA7004F51A5 /* STTwitterOS.m */; };
		37778B0317DC6DB1004F51A5 /* STHTTPRequest.m in Sources */ = {isa = PBXBuildFile; fileRef = 37778B0217DC6DB1004F51A5 /* STHTTPRequest.m */; };
		37778B0517DC6DFA004F51A5 /* Twitter.framework in Frameworks */ = {isa = PBXBuildFile; fileRef = 37778B0417DC6DFA004F51A5 /* Twitter.framework */; };
		37CAC1F517DD83D300854D4D /* yagi_kao_a.png in Resources */ = {isa = PBXBuildFile; fileRef = 37CAC1F317DD83D300854D4D /* yagi_kao_a.png */; };
		37CAC1F617DD83D300854D4D /* yagi_kao_mgmg.png in Resources */ = {isa = PBXBuildFile; fileRef = 37CAC1F417DD83D300854D4D /* yagi_kao_mgmg.png */; };
		37CAC1FA17DDA6BB00854D4D /* DeleteWordTableViewController.m in Sources */ = {isa = PBXBuildFile; fileRef = 37CAC1F817DDA6BB00854D4D /* DeleteWordTableViewController.m */; };
		37CAC1FB17DDA6BB00854D4D /* DeleteWordTableViewController.xib in Resources */ = {isa = PBXBuildFile; fileRef = 37CAC1F917DDA6BB00854D4D /* DeleteWordTableViewController.xib */; };
		37CAC1FD17DDB66B00854D4D /* arrow.png in Resources */ = {isa = PBXBuildFile; fileRef = 37CAC1FC17DDB66B00854D4D /* arrow.png */; };
		37CAC20017DDB7F000854D4D /* HeaderView.m in Sources */ = {isa = PBXBuildFile; fileRef = 37CAC1FF17DDB7F000854D4D /* HeaderView.m */; };
		37CAC23B17DED99900854D4D /* FavoriteViewController.m in Sources */ = {isa = PBXBuildFile; fileRef = 37CAC23917DED99800854D4D /* FavoriteViewController.m */; };
		37CAC23C17DED99900854D4D /* FavoriteViewController.xib in Resources */ = {isa = PBXBuildFile; fileRef = 37CAC23A17DED99900854D4D /* FavoriteViewController.xib */; };
		37CAC23F17DEDB8F00854D4D /* FavoriteCustomVIewCell.m in Sources */ = {isa = PBXBuildFile; fileRef = 37CAC23E17DEDB8F00854D4D /* FavoriteCustomVIewCell.m */; };
		37CAC24117DEDDE400854D4D /* yagiSample.png in Resources */ = {isa = PBXBuildFile; fileRef = 37CAC24017DEDDE400854D4D /* yagiSample.png */; };
		37D0611E17DB421700F94E30 /* _doutai.png in Resources */ = {isa = PBXBuildFile; fileRef = 37D0611917DB421700F94E30 /* _doutai.png */; };
		37D0611F17DB421700F94E30 /* _kao.png in Resources */ = {isa = PBXBuildFile; fileRef = 37D0611A17DB421700F94E30 /* _kao.png */; };
		37D0612517DB422300F94E30 /* YagiView.m in Sources */ = {isa = PBXBuildFile; fileRef = 37D0612417DB422300F94E30 /* YagiView.m */; };
		37D0612917DB469C00F94E30 /* maeAshi.png in Resources */ = {isa = PBXBuildFile; fileRef = 37D0612617DB469C00F94E30 /* maeAshi.png */; };
		37D0612A17DB469C00F94E30 /* ushiroAsh.png in Resources */ = {isa = PBXBuildFile; fileRef = 37D0612717DB469C00F94E30 /* ushiroAsh.png */; };
		37D0612B17DB469C00F94E30 /* usiroashi_03.png in Resources */ = {isa = PBXBuildFile; fileRef = 37D0612817DB469C00F94E30 /* usiroashi_03.png */; };
		37D0612D17DB5BAD00F94E30 /* yoko_03.png in Resources */ = {isa = PBXBuildFile; fileRef = 37D0612C17DB5BAD00F94E30 /* yoko_03.png */; };
		37D0615F17DB647100F94E30 /* CMPopTipView.m in Sources */ = {isa = PBXBuildFile; fileRef = 37D0615E17DB647100F94E30 /* CMPopTipView.m */; };
		37D0616117DC1E7200F94E30 /* yagi_hukigen.png in Resources */ = {isa = PBXBuildFile; fileRef = 37D0616017DC1E7200F94E30 /* yagi_hukigen.png */; };
		4A4564FA17E1C04F00DA3013 /* paper.wav in Resources */ = {isa = PBXBuildFile; fileRef = 4A4564F917E1C04F00DA3013 /* paper.wav */; };
		4A45650217E1C3FA00DA3013 /* yagi.wav in Resources */ = {isa = PBXBuildFile; fileRef = 4A45650117E1C3FA00DA3013 /* yagi.wav */; };
		4A63EA9F17D890F400C93F86 /* libsqlite3.0.dylib in Frameworks */ = {isa = PBXBuildFile; fileRef = 4A63EA9E17D890F400C93F86 /* libsqlite3.0.dylib */; };
		4A63EAAC17D96F7000C93F86 /* FMDatabase.m in Sources */ = {isa = PBXBuildFile; fileRef = 4A63EAA317D96F7000C93F86 /* FMDatabase.m */; };
		4A63EAAD17D96F7000C93F86 /* FMDatabaseAdditions.m in Sources */ = {isa = PBXBuildFile; fileRef = 4A63EAA517D96F7000C93F86 /* FMDatabaseAdditions.m */; };
		4A63EAAE17D96F7000C93F86 /* FMDatabasePool.m in Sources */ = {isa = PBXBuildFile; fileRef = 4A63EAA717D96F7000C93F86 /* FMDatabasePool.m */; };
		4A63EAAF17D96F7000C93F86 /* FMDatabaseQueue.m in Sources */ = {isa = PBXBuildFile; fileRef = 4A63EAA917D96F7000C93F86 /* FMDatabaseQueue.m */; };
		4A63EAB017D96F7000C93F86 /* FMResultSet.m in Sources */ = {isa = PBXBuildFile; fileRef = 4A63EAAB17D96F7000C93F86 /* FMResultSet.m */; };
		4A63EB9D17D9BD5300C93F86 /* TextAnalyzer.m in Sources */ = {isa = PBXBuildFile; fileRef = 4A63EB9C17D9BD5300C93F86 /* TextAnalyzer.m */; };
		4A6FF2E117DDA71500410BF5 /* BasicRequest.m in Sources */ = {isa = PBXBuildFile; fileRef = 4A6FF2E017DDA71500410BF5 /* BasicRequest.m */; };
		4A8B068317E0481D00B408BB /* icon.png in Resources */ = {isa = PBXBuildFile; fileRef = 4A8B068217E0481D00B408BB /* icon.png */; };
		4A8B068517E0484300B408BB /* icon-mini.png in Resources */ = {isa = PBXBuildFile; fileRef = 4A8B068417E0484300B408BB /* icon-mini.png */; };
/* End PBXBuildFile section */

/* Begin PBXFileReference section */
		3741853D17DFFF3300D68688 /* kamikuzu.png */ = {isa = PBXFileReference; lastKnownFileType = image.png; name = kamikuzu.png; path = YImages/kamikuzu.png; sourceTree = "<group>"; };
		3741853F17E02E7D00D68688 /* tarai.png */ = {isa = PBXFileReference; lastKnownFileType = image.png; name = tarai.png; path = YImages/tarai.png; sourceTree = "<group>"; };
		3741854117E0393E00D68688 /* yagi_kao_tarai.png */ = {isa = PBXFileReference; lastKnownFileType = image.png; name = yagi_kao_tarai.png; path = YImages/yagi_kao_tarai.png; sourceTree = "<group>"; };
		3741854417E03D7600D68688 /* tarai.wav */ = {isa = PBXFileReference; lastKnownFileType = audio.wav; name = tarai.wav; path = Audio/tarai.wav; sourceTree = "<group>"; };
		3741854617E0408C00D68688 /* AudioToolbox.framework */ = {isa = PBXFileReference; lastKnownFileType = wrapper.framework; name = AudioToolbox.framework; path = System/Library/Frameworks/AudioToolbox.framework; sourceTree = SDKROOT; };
		3741854817E0505D00D68688 /* startbutton.png */ = {isa = PBXFileReference; lastKnownFileType = image.png; path = startbutton.png; sourceTree = "<group>"; };
		3741854A17E07D0000D68688 /* paper.png */ = {isa = PBXFileReference; lastKnownFileType = image.png; path = paper.png; sourceTree = "<group>"; };
		3741855217E0A3E700D68688 /* background.png */ = {isa = PBXFileReference; lastKnownFileType = image.png; name = background.png; path = UIImage/background.png; sourceTree = "<group>"; };
		3741855317E0A3E700D68688 /* heart-big.png */ = {isa = PBXFileReference; lastKnownFileType = image.png; name = "heart-big.png"; path = "UIImage/heart-big.png"; sourceTree = "<group>"; };
		3741855417E0A3E700D68688 /* heart.png */ = {isa = PBXFileReference; lastKnownFileType = image.png; name = heart.png; path = UIImage/heart.png; sourceTree = "<group>"; };
		3741855517E0A3E700D68688 /* paper_2.jpg */ = {isa = PBXFileReference; lastKnownFileType = image.jpeg; name = paper_2.jpg; path = UIImage/paper_2.jpg; sourceTree = "<group>"; };
		3741855617E0A3E700D68688 /* saku.png */ = {isa = PBXFileReference; lastKnownFileType = image.png; name = saku.png; path = UIImage/saku.png; sourceTree = "<group>"; };
		3741855717E0A3E700D68688 /* status_bar.png */ = {isa = PBXFileReference; lastKnownFileType = image.png; name = status_bar.png; path = UIImage/status_bar.png; sourceTree = "<group>"; };
		3741855917E0A3E700D68688 /* えさ-down.png */ = {isa = PBXFileReference; lastKnownFileType = image.png; name = "えさ-down.png"; path = "UIImage/えさ-down.png"; sourceTree = "<group>"; };
		3741855A17E0A3E700D68688 /* えさ.png */ = {isa = PBXFileReference; lastKnownFileType = image.png; name = "えさ.png"; path = "UIImage/えさ.png"; sourceTree = "<group>"; };
		3741855B17E0A3E700D68688 /* おきに-down.png */ = {isa = PBXFileReference; lastKnownFileType = image.png; name = "おきに-down.png"; path = "UIImage/おきに-down.png"; sourceTree = "<group>"; };
		3741855C17E0A3E700D68688 /* おきに.png */ = {isa = PBXFileReference; lastKnownFileType = image.png; name = "おきに.png"; path = "UIImage/おきに.png"; sourceTree = "<group>"; };
		3741856817E0A6D100D68688 /* button-down.png */ = {isa = PBXFileReference; lastKnownFileType = image.png; name = "button-down.png"; path = "UIImage/button-down.png"; sourceTree = "<group>"; };
		3741856917E0A6D200D68688 /* button-up.png */ = {isa = PBXFileReference; lastKnownFileType = image.png; name = "button-up.png"; path = "UIImage/button-up.png"; sourceTree = "<group>"; };
		3741856C17E0AD6000D68688 /* preference.png */ = {isa = PBXFileReference; lastKnownFileType = image.png; name = preference.png; path = UIImage/preference.png; sourceTree = "<group>"; };
		3742D34817E15CB800C83680 /* back-down.png */ = {isa = PBXFileReference; lastKnownFileType = image.png; name = "back-down.png"; path = "UIImage/back-down.png"; sourceTree = "<group>"; };
		3742D34917E15CB900C83680 /* back.png */ = {isa = PBXFileReference; lastKnownFileType = image.png; name = back.png; path = UIImage/back.png; sourceTree = "<group>"; };
		3742D34C17E18B1900C83680 /* story.png */ = {isa = PBXFileReference; lastKnownFileType = image.png; name = story.png; path = UIImage/story.png; sourceTree = "<group>"; };
		3742D34E17E1984F00C83680 /* tutorial.png */ = {isa = PBXFileReference; lastKnownFileType = image.png; name = tutorial.png; path = UIImage/tutorial.png; sourceTree = "<group>"; };
		3742D35017E1B07B00C83680 /* clock.png */ = {isa = PBXFileReference; lastKnownFileType = image.png; name = clock.png; path = UIImage/clock.png; sourceTree = "<group>"; };
		3742D35117E1B07B00C83680 /* crown.png */ = {isa = PBXFileReference; lastKnownFileType = image.png; name = crown.png; path = UIImage/crown.png; sourceTree = "<group>"; };
		3742D35217E1B07B00C83680 /* scroll.png */ = {isa = PBXFileReference; lastKnownFileType = image.png; name = scroll.png; path = UIImage/scroll.png; sourceTree = "<group>"; };
		3742D35617E1B69D00C83680 /* total-heart.png */ = {isa = PBXFileReference; lastKnownFileType = image.png; name = "total-heart.png"; path = "UIImage/total-heart.png"; sourceTree = "<group>"; };
		3742D35717E1B69D00C83680 /* vocant-heart.png */ = {isa = PBXFileReference; lastKnownFileType = image.png; name = "vocant-heart.png"; path = "UIImage/vocant-heart.png"; sourceTree = "<group>"; };
		3742D35B17E1CAD100C83680 /* setting.png */ = {isa = PBXFileReference; lastKnownFileType = image.png; name = setting.png; path = UIImage/setting.png; sourceTree = "<group>"; };
		3742D35E17E1D65F00C83680 /* config_background_new.png */ = {isa = PBXFileReference; lastKnownFileType = image.png; name = config_background_new.png; path = UIImage/config_background_new.png; sourceTree = "<group>"; };
		3742D36217E1D86500C83680 /* tutorial_new2.png */ = {isa = PBXFileReference; lastKnownFileType = image.png; name = tutorial_new2.png; path = UIImage/tutorial_new2.png; sourceTree = "<group>"; };
		3742D36417E1ECA400C83680 /* batu2.png */ = {isa = PBXFileReference; lastKnownFileType = image.png; name = batu2.png; path = UIImage/batu2.png; sourceTree = "<group>"; };
		374D792617D822CF00FAE80C /* Tubuyagi.app */ = {isa = PBXFileReference; explicitFileType = wrapper.application; includeInIndex = 0; path = Tubuyagi.app; sourceTree = BUILT_PRODUCTS_DIR; };
		374D792917D822D000FAE80C /* UIKit.framework */ = {isa = PBXFileReference; lastKnownFileType = wrapper.framework; name = UIKit.framework; path = System/Library/Frameworks/UIKit.framework; sourceTree = SDKROOT; };
		374D792B17D822D000FAE80C /* Foundation.framework */ = {isa = PBXFileReference; lastKnownFileType = wrapper.framework; name = Foundation.framework; path = System/Library/Frameworks/Foundation.framework; sourceTree = SDKROOT; };
		374D792D17D822D000FAE80C /* CoreGraphics.framework */ = {isa = PBXFileReference; lastKnownFileType = wrapper.framework; name = CoreGraphics.framework; path = System/Library/Frameworks/CoreGraphics.framework; sourceTree = SDKROOT; };
		374D793117D822D000FAE80C /* Tubuyagi-Info.plist */ = {isa = PBXFileReference; lastKnownFileType = text.plist.xml; path = "Tubuyagi-Info.plist"; sourceTree = "<group>"; };
		374D793317D822D000FAE80C /* en */ = {isa = PBXFileReference; lastKnownFileType = text.plist.strings; name = en; path = en.lproj/InfoPlist.strings; sourceTree = "<group>"; };
		374D793517D822D000FAE80C /* main.m */ = {isa = PBXFileReference; lastKnownFileType = sourcecode.c.objc; path = main.m; sourceTree = "<group>"; };
		374D793717D822D000FAE80C /* Tubuyagi-Prefix.pch */ = {isa = PBXFileReference; lastKnownFileType = sourcecode.c.h; path = "Tubuyagi-Prefix.pch"; sourceTree = "<group>"; };
		374D793817D822D000FAE80C /* AppDelegate.h */ = {isa = PBXFileReference; lastKnownFileType = sourcecode.c.h; path = AppDelegate.h; sourceTree = "<group>"; };
		374D793917D822D000FAE80C /* AppDelegate.m */ = {isa = PBXFileReference; lastKnownFileType = sourcecode.c.objc; path = AppDelegate.m; sourceTree = "<group>"; };
		374D793B17D822D000FAE80C /* Default.png */ = {isa = PBXFileReference; lastKnownFileType = image.png; path = Default.png; sourceTree = "<group>"; };
		374D793D17D822D000FAE80C /* Default@2x.png */ = {isa = PBXFileReference; lastKnownFileType = image.png; path = "Default@2x.png"; sourceTree = "<group>"; };
		374D793F17D822D000FAE80C /* Default-568h@2x.png */ = {isa = PBXFileReference; lastKnownFileType = image.png; path = "Default-568h@2x.png"; sourceTree = "<group>"; };
		374D794117D822D000FAE80C /* ViewController.h */ = {isa = PBXFileReference; lastKnownFileType = sourcecode.c.h; path = ViewController.h; sourceTree = "<group>"; };
		374D794217D822D000FAE80C /* ViewController.m */ = {isa = PBXFileReference; lastKnownFileType = sourcecode.c.objc; path = ViewController.m; sourceTree = "<group>"; };
		374D794517D822D000FAE80C /* en */ = {isa = PBXFileReference; lastKnownFileType = file.xib; name = en; path = en.lproj/ViewController.xib; sourceTree = "<group>"; };
		374D795B17D8291E00FAE80C /* gort.png */ = {isa = PBXFileReference; lastKnownFileType = image.png; path = gort.png; sourceTree = "<group>"; };
		374D795C17D8291E00FAE80C /* grassland.jpeg */ = {isa = PBXFileReference; lastKnownFileType = image.jpeg; path = grassland.jpeg; sourceTree = "<group>"; };
		374D795D17D8291E00FAE80C /* signBoard.png */ = {isa = PBXFileReference; lastKnownFileType = image.png; path = signBoard.png; sourceTree = "<group>"; };
		374D797017D8463800FAE80C /* FoodUIViewController.h */ = {isa = PBXFileReference; fileEncoding = 4; lastKnownFileType = sourcecode.c.h; path = FoodUIViewController.h; sourceTree = "<group>"; };
		374D797117D8463800FAE80C /* FoodUIViewController.m */ = {isa = PBXFileReference; fileEncoding = 4; lastKnownFileType = sourcecode.c.objc; path = FoodUIViewController.m; sourceTree = "<group>"; };
		374D797217D8463800FAE80C /* FoodUIViewController.xib */ = {isa = PBXFileReference; fileEncoding = 4; lastKnownFileType = file.xib; path = FoodUIViewController.xib; sourceTree = "<group>"; };
		374D797B17D8552B00FAE80C /* bubbleView.h */ = {isa = PBXFileReference; fileEncoding = 4; lastKnownFileType = sourcecode.c.h; path = bubbleView.h; sourceTree = "<group>"; };
		374D797C17D8552B00FAE80C /* bubbleView.m */ = {isa = PBXFileReference; fileEncoding = 4; lastKnownFileType = sourcecode.c.objc; path = bubbleView.m; sourceTree = "<group>"; };
		375137BD17D976150069A12C /* Accounts.framework */ = {isa = PBXFileReference; lastKnownFileType = wrapper.framework; name = Accounts.framework; path = System/Library/Frameworks/Accounts.framework; sourceTree = SDKROOT; };
		375137BF17D9761F0069A12C /* Social.framework */ = {isa = PBXFileReference; lastKnownFileType = wrapper.framework; name = Social.framework; path = System/Library/Frameworks/Social.framework; sourceTree = SDKROOT; };
		37778AEA17DC6DA7004F51A5 /* NSString+STTwitter.h */ = {isa = PBXFileReference; fileEncoding = 4; lastKnownFileType = sourcecode.c.h; name = "NSString+STTwitter.h"; path = "STTwitter/NSString+STTwitter.h"; sourceTree = "<group>"; };
		37778AEB17DC6DA7004F51A5 /* NSString+STTwitter.m */ = {isa = PBXFileReference; fileEncoding = 4; lastKnownFileType = sourcecode.c.objc; name = "NSString+STTwitter.m"; path = "STTwitter/NSString+STTwitter.m"; sourceTree = "<group>"; };
		37778AEC17DC6DA7004F51A5 /* STHTTPRequest+STTwitter.h */ = {isa = PBXFileReference; fileEncoding = 4; lastKnownFileType = sourcecode.c.h; name = "STHTTPRequest+STTwitter.h"; path = "STTwitter/STHTTPRequest+STTwitter.h"; sourceTree = "<group>"; };
		37778AED17DC6DA7004F51A5 /* STHTTPRequest+STTwitter.m */ = {isa = PBXFileReference; fileEncoding = 4; lastKnownFileType = sourcecode.c.objc; name = "STHTTPRequest+STTwitter.m"; path = "STTwitter/STHTTPRequest+STTwitter.m"; sourceTree = "<group>"; };
		37778AEE17DC6DA7004F51A5 /* STTwitter.h */ = {isa = PBXFileReference; fileEncoding = 4; lastKnownFileType = sourcecode.c.h; name = STTwitter.h; path = STTwitter/STTwitter.h; sourceTree = "<group>"; };
		37778AEF17DC6DA7004F51A5 /* STTwitterAPI.h */ = {isa = PBXFileReference; fileEncoding = 4; lastKnownFileType = sourcecode.c.h; name = STTwitterAPI.h; path = STTwitter/STTwitterAPI.h; sourceTree = "<group>"; };
		37778AF017DC6DA7004F51A5 /* STTwitterAPI.m */ = {isa = PBXFileReference; fileEncoding = 4; lastKnownFileType = sourcecode.c.objc; name = STTwitterAPI.m; path = STTwitter/STTwitterAPI.m; sourceTree = "<group>"; };
		37778AF117DC6DA7004F51A5 /* STTwitterAppOnly.h */ = {isa = PBXFileReference; fileEncoding = 4; lastKnownFileType = sourcecode.c.h; name = STTwitterAppOnly.h; path = STTwitter/STTwitterAppOnly.h; sourceTree = "<group>"; };
		37778AF217DC6DA7004F51A5 /* STTwitterAppOnly.m */ = {isa = PBXFileReference; fileEncoding = 4; lastKnownFileType = sourcecode.c.objc; name = STTwitterAppOnly.m; path = STTwitter/STTwitterAppOnly.m; sourceTree = "<group>"; };
		37778AF317DC6DA7004F51A5 /* STTwitterHTML.h */ = {isa = PBXFileReference; fileEncoding = 4; lastKnownFileType = sourcecode.c.h; name = STTwitterHTML.h; path = STTwitter/STTwitterHTML.h; sourceTree = "<group>"; };
		37778AF417DC6DA7004F51A5 /* STTwitterHTML.m */ = {isa = PBXFileReference; fileEncoding = 4; lastKnownFileType = sourcecode.c.objc; name = STTwitterHTML.m; path = STTwitter/STTwitterHTML.m; sourceTree = "<group>"; };
		37778AF517DC6DA7004F51A5 /* STTwitterOAuth.h */ = {isa = PBXFileReference; fileEncoding = 4; lastKnownFileType = sourcecode.c.h; name = STTwitterOAuth.h; path = STTwitter/STTwitterOAuth.h; sourceTree = "<group>"; };
		37778AF617DC6DA7004F51A5 /* STTwitterOAuth.m */ = {isa = PBXFileReference; fileEncoding = 4; lastKnownFileType = sourcecode.c.objc; name = STTwitterOAuth.m; path = STTwitter/STTwitterOAuth.m; sourceTree = "<group>"; };
		37778AF717DC6DA7004F51A5 /* STTwitterOS.h */ = {isa = PBXFileReference; fileEncoding = 4; lastKnownFileType = sourcecode.c.h; name = STTwitterOS.h; path = STTwitter/STTwitterOS.h; sourceTree = "<group>"; };
		37778AF817DC6DA7004F51A5 /* STTwitterOS.m */ = {isa = PBXFileReference; fileEncoding = 4; lastKnownFileType = sourcecode.c.objc; name = STTwitterOS.m; path = STTwitter/STTwitterOS.m; sourceTree = "<group>"; };
		37778AF917DC6DA7004F51A5 /* STTwitterProtocol.h */ = {isa = PBXFileReference; fileEncoding = 4; lastKnownFileType = sourcecode.c.h; name = STTwitterProtocol.h; path = STTwitter/STTwitterProtocol.h; sourceTree = "<group>"; };
		37778B0117DC6DB1004F51A5 /* STHTTPRequest.h */ = {isa = PBXFileReference; fileEncoding = 4; lastKnownFileType = sourcecode.c.h; name = STHTTPRequest.h; path = STTwitter/Vendor/STHTTPRequest.h; sourceTree = "<group>"; };
		37778B0217DC6DB1004F51A5 /* STHTTPRequest.m */ = {isa = PBXFileReference; fileEncoding = 4; lastKnownFileType = sourcecode.c.objc; name = STHTTPRequest.m; path = STTwitter/Vendor/STHTTPRequest.m; sourceTree = "<group>"; };
		37778B0417DC6DFA004F51A5 /* Twitter.framework */ = {isa = PBXFileReference; lastKnownFileType = wrapper.framework; name = Twitter.framework; path = System/Library/Frameworks/Twitter.framework; sourceTree = SDKROOT; };
		37CAC1F317DD83D300854D4D /* yagi_kao_a.png */ = {isa = PBXFileReference; lastKnownFileType = image.png; name = yagi_kao_a.png; path = YImages/yagi_kao_a.png; sourceTree = "<group>"; };
		37CAC1F417DD83D300854D4D /* yagi_kao_mgmg.png */ = {isa = PBXFileReference; lastKnownFileType = image.png; name = yagi_kao_mgmg.png; path = YImages/yagi_kao_mgmg.png; sourceTree = "<group>"; };
		37CAC1F717DDA6BB00854D4D /* DeleteWordTableViewController.h */ = {isa = PBXFileReference; fileEncoding = 4; lastKnownFileType = sourcecode.c.h; path = DeleteWordTableViewController.h; sourceTree = "<group>"; };
		37CAC1F817DDA6BB00854D4D /* DeleteWordTableViewController.m */ = {isa = PBXFileReference; fileEncoding = 4; lastKnownFileType = sourcecode.c.objc; path = DeleteWordTableViewController.m; sourceTree = "<group>"; };
		37CAC1F917DDA6BB00854D4D /* DeleteWordTableViewController.xib */ = {isa = PBXFileReference; fileEncoding = 4; lastKnownFileType = file.xib; path = DeleteWordTableViewController.xib; sourceTree = "<group>"; };
		37CAC1FC17DDB66B00854D4D /* arrow.png */ = {isa = PBXFileReference; lastKnownFileType = image.png; path = arrow.png; sourceTree = "<group>"; };
		37CAC1FE17DDB7F000854D4D /* HeaderView.h */ = {isa = PBXFileReference; fileEncoding = 4; lastKnownFileType = sourcecode.c.h; path = HeaderView.h; sourceTree = "<group>"; };
		37CAC1FF17DDB7F000854D4D /* HeaderView.m */ = {isa = PBXFileReference; fileEncoding = 4; lastKnownFileType = sourcecode.c.objc; path = HeaderView.m; sourceTree = "<group>"; };
		37CAC23817DED99800854D4D /* FavoriteViewController.h */ = {isa = PBXFileReference; fileEncoding = 4; lastKnownFileType = sourcecode.c.h; path = FavoriteViewController.h; sourceTree = "<group>"; };
		37CAC23917DED99800854D4D /* FavoriteViewController.m */ = {isa = PBXFileReference; fileEncoding = 4; lastKnownFileType = sourcecode.c.objc; path = FavoriteViewController.m; sourceTree = "<group>"; };
		37CAC23A17DED99900854D4D /* FavoriteViewController.xib */ = {isa = PBXFileReference; fileEncoding = 4; lastKnownFileType = file.xib; path = FavoriteViewController.xib; sourceTree = "<group>"; };
		37CAC23D17DEDB8F00854D4D /* FavoriteCustomVIewCell.h */ = {isa = PBXFileReference; fileEncoding = 4; lastKnownFileType = sourcecode.c.h; path = FavoriteCustomVIewCell.h; sourceTree = "<group>"; };
		37CAC23E17DEDB8F00854D4D /* FavoriteCustomVIewCell.m */ = {isa = PBXFileReference; fileEncoding = 4; lastKnownFileType = sourcecode.c.objc; path = FavoriteCustomVIewCell.m; sourceTree = "<group>"; };
		37CAC24017DEDDE400854D4D /* yagiSample.png */ = {isa = PBXFileReference; lastKnownFileType = image.png; path = yagiSample.png; sourceTree = "<group>"; };
		37D0611917DB421700F94E30 /* _doutai.png */ = {isa = PBXFileReference; lastKnownFileType = image.png; name = _doutai.png; path = YImages/_doutai.png; sourceTree = "<group>"; };
		37D0611A17DB421700F94E30 /* _kao.png */ = {isa = PBXFileReference; lastKnownFileType = image.png; name = _kao.png; path = YImages/_kao.png; sourceTree = "<group>"; };
		37D0612317DB422300F94E30 /* YagiView.h */ = {isa = PBXFileReference; fileEncoding = 4; lastKnownFileType = sourcecode.c.h; path = YagiView.h; sourceTree = "<group>"; };
		37D0612417DB422300F94E30 /* YagiView.m */ = {isa = PBXFileReference; fileEncoding = 4; lastKnownFileType = sourcecode.c.objc; path = YagiView.m; sourceTree = "<group>"; };
		37D0612617DB469C00F94E30 /* maeAshi.png */ = {isa = PBXFileReference; lastKnownFileType = image.png; name = maeAshi.png; path = YImages/maeAshi.png; sourceTree = "<group>"; };
		37D0612717DB469C00F94E30 /* ushiroAsh.png */ = {isa = PBXFileReference; lastKnownFileType = image.png; name = ushiroAsh.png; path = YImages/ushiroAsh.png; sourceTree = "<group>"; };
		37D0612817DB469C00F94E30 /* usiroashi_03.png */ = {isa = PBXFileReference; lastKnownFileType = image.png; name = usiroashi_03.png; path = YImages/usiroashi_03.png; sourceTree = "<group>"; };
		37D0612C17DB5BAD00F94E30 /* yoko_03.png */ = {isa = PBXFileReference; lastKnownFileType = image.png; path = yoko_03.png; sourceTree = "<group>"; };
		37D0615D17DB647000F94E30 /* CMPopTipView.h */ = {isa = PBXFileReference; fileEncoding = 4; lastKnownFileType = sourcecode.c.h; path = CMPopTipView.h; sourceTree = "<group>"; };
		37D0615E17DB647100F94E30 /* CMPopTipView.m */ = {isa = PBXFileReference; fileEncoding = 4; lastKnownFileType = sourcecode.c.objc; path = CMPopTipView.m; sourceTree = "<group>"; };
		37D0616017DC1E7200F94E30 /* yagi_hukigen.png */ = {isa = PBXFileReference; lastKnownFileType = image.png; name = yagi_hukigen.png; path = YImages/yagi_hukigen.png; sourceTree = "<group>"; };
		4A4564F917E1C04F00DA3013 /* paper.wav */ = {isa = PBXFileReference; lastKnownFileType = audio.wav; path = paper.wav; sourceTree = "<group>"; };
		4A45650117E1C3FA00DA3013 /* yagi.wav */ = {isa = PBXFileReference; lastKnownFileType = audio.wav; path = yagi.wav; sourceTree = "<group>"; };
		4A63EA9E17D890F400C93F86 /* libsqlite3.0.dylib */ = {isa = PBXFileReference; lastKnownFileType = "compiled.mach-o.dylib"; name = libsqlite3.0.dylib; path = usr/lib/libsqlite3.0.dylib; sourceTree = SDKROOT; };
		4A63EAA217D96F7000C93F86 /* FMDatabase.h */ = {isa = PBXFileReference; fileEncoding = 4; lastKnownFileType = sourcecode.c.h; name = FMDatabase.h; path = lib/FMDatabase.h; sourceTree = "<group>"; };
		4A63EAA317D96F7000C93F86 /* FMDatabase.m */ = {isa = PBXFileReference; fileEncoding = 4; lastKnownFileType = sourcecode.c.objc; name = FMDatabase.m; path = lib/FMDatabase.m; sourceTree = "<group>"; };
		4A63EAA417D96F7000C93F86 /* FMDatabaseAdditions.h */ = {isa = PBXFileReference; fileEncoding = 4; lastKnownFileType = sourcecode.c.h; name = FMDatabaseAdditions.h; path = lib/FMDatabaseAdditions.h; sourceTree = "<group>"; };
		4A63EAA517D96F7000C93F86 /* FMDatabaseAdditions.m */ = {isa = PBXFileReference; fileEncoding = 4; lastKnownFileType = sourcecode.c.objc; name = FMDatabaseAdditions.m; path = lib/FMDatabaseAdditions.m; sourceTree = "<group>"; };
		4A63EAA617D96F7000C93F86 /* FMDatabasePool.h */ = {isa = PBXFileReference; fileEncoding = 4; lastKnownFileType = sourcecode.c.h; name = FMDatabasePool.h; path = lib/FMDatabasePool.h; sourceTree = "<group>"; };
		4A63EAA717D96F7000C93F86 /* FMDatabasePool.m */ = {isa = PBXFileReference; fileEncoding = 4; lastKnownFileType = sourcecode.c.objc; name = FMDatabasePool.m; path = lib/FMDatabasePool.m; sourceTree = "<group>"; };
		4A63EAA817D96F7000C93F86 /* FMDatabaseQueue.h */ = {isa = PBXFileReference; fileEncoding = 4; lastKnownFileType = sourcecode.c.h; name = FMDatabaseQueue.h; path = lib/FMDatabaseQueue.h; sourceTree = "<group>"; };
		4A63EAA917D96F7000C93F86 /* FMDatabaseQueue.m */ = {isa = PBXFileReference; fileEncoding = 4; lastKnownFileType = sourcecode.c.objc; name = FMDatabaseQueue.m; path = lib/FMDatabaseQueue.m; sourceTree = "<group>"; };
		4A63EAAA17D96F7000C93F86 /* FMResultSet.h */ = {isa = PBXFileReference; fileEncoding = 4; lastKnownFileType = sourcecode.c.h; name = FMResultSet.h; path = lib/FMResultSet.h; sourceTree = "<group>"; };
		4A63EAAB17D96F7000C93F86 /* FMResultSet.m */ = {isa = PBXFileReference; fileEncoding = 4; lastKnownFileType = sourcecode.c.objc; name = FMResultSet.m; path = lib/FMResultSet.m; sourceTree = "<group>"; };
		4A63EB9B17D9BD5300C93F86 /* TextAnalyzer.h */ = {isa = PBXFileReference; fileEncoding = 4; lastKnownFileType = sourcecode.c.h; name = TextAnalyzer.h; path = lib/TextAnalyzer.h; sourceTree = "<group>"; };
		4A63EB9C17D9BD5300C93F86 /* TextAnalyzer.m */ = {isa = PBXFileReference; fileEncoding = 4; lastKnownFileType = sourcecode.c.objc; lineEnding = 0; name = TextAnalyzer.m; path = lib/TextAnalyzer.m; sourceTree = "<group>"; xcLanguageSpecificationIdentifier = xcode.lang.objc; };
		4A6FF2DF17DDA71500410BF5 /* BasicRequest.h */ = {isa = PBXFileReference; fileEncoding = 4; lastKnownFileType = sourcecode.c.h; name = BasicRequest.h; path = lib/BasicRequest.h; sourceTree = "<group>"; };
		4A6FF2E017DDA71500410BF5 /* BasicRequest.m */ = {isa = PBXFileReference; fileEncoding = 4; lastKnownFileType = sourcecode.c.objc; name = BasicRequest.m; path = lib/BasicRequest.m; sourceTree = "<group>"; };
		4A8B067E17E042EF00B408BB /* Default@2x.png */ = {isa = PBXFileReference; lastKnownFileType = image.png; path = "Default@2x.png"; sourceTree = "<group>"; };
		4A8B068017E0438E00B408BB /* Default.png */ = {isa = PBXFileReference; lastKnownFileType = image.png; path = Default.png; sourceTree = "<group>"; };
		4A8B068217E0481D00B408BB /* icon.png */ = {isa = PBXFileReference; lastKnownFileType = image.png; path = icon.png; sourceTree = "<group>"; };
		4A8B068417E0484300B408BB /* icon-mini.png */ = {isa = PBXFileReference; lastKnownFileType = image.png; path = "icon-mini.png"; sourceTree = "<group>"; };
		4AA1DEAE17E04EC80023B26E /* Default-568h@2x.png */ = {isa = PBXFileReference; lastKnownFileType = image.png; path = "Default-568h@2x.png"; sourceTree = "<group>"; };
/* End PBXFileReference section */

/* Begin PBXFrameworksBuildPhase section */
		374D792317D822CF00FAE80C /* Frameworks */ = {
			isa = PBXFrameworksBuildPhase;
			buildActionMask = 2147483647;
			files = (
				3741854717E0408C00D68688 /* AudioToolbox.framework in Frameworks */,
				37778B0517DC6DFA004F51A5 /* Twitter.framework in Frameworks */,
				4A63EA9F17D890F400C93F86 /* libsqlite3.0.dylib in Frameworks */,
				375137C017D9761F0069A12C /* Social.framework in Frameworks */,
				375137BE17D976150069A12C /* Accounts.framework in Frameworks */,
				374D792A17D822D000FAE80C /* UIKit.framework in Frameworks */,
				374D792C17D822D000FAE80C /* Foundation.framework in Frameworks */,
				374D792E17D822D000FAE80C /* CoreGraphics.framework in Frameworks */,
			);
			runOnlyForDeploymentPostprocessing = 0;
		};
/* End PBXFrameworksBuildPhase section */

/* Begin PBXGroup section */
		3741854317E03D5D00D68688 /* Audio */ = {
			isa = PBXGroup;
			children = (
				4A45650117E1C3FA00DA3013 /* yagi.wav */,
				4A4564F917E1C04F00DA3013 /* paper.wav */,
				3741854417E03D7600D68688 /* tarai.wav */,
			);
			name = Audio;
			sourceTree = "<group>";
		};
		3741855117E0A3C900D68688 /* UIImage(~2013.9.11) */ = {
			isa = PBXGroup;
			children = (
				3742D36417E1ECA400C83680 /* batu2.png */,
				3742D36217E1D86500C83680 /* tutorial_new2.png */,
				3742D35E17E1D65F00C83680 /* config_background_new.png */,
				3742D35B17E1CAD100C83680 /* setting.png */,
				3742D35617E1B69D00C83680 /* total-heart.png */,
				3742D35717E1B69D00C83680 /* vocant-heart.png */,
				3742D35017E1B07B00C83680 /* clock.png */,
				3742D35117E1B07B00C83680 /* crown.png */,
				3742D35217E1B07B00C83680 /* scroll.png */,
				3742D34E17E1984F00C83680 /* tutorial.png */,
				3742D34C17E18B1900C83680 /* story.png */,
				3742D34817E15CB800C83680 /* back-down.png */,
				3742D34917E15CB900C83680 /* back.png */,
				3741856C17E0AD6000D68688 /* preference.png */,
				3741856817E0A6D100D68688 /* button-down.png */,
				3741856917E0A6D200D68688 /* button-up.png */,
				3741855217E0A3E700D68688 /* background.png */,
				3741855317E0A3E700D68688 /* heart-big.png */,
				3741855417E0A3E700D68688 /* heart.png */,
				3741855517E0A3E700D68688 /* paper_2.jpg */,
				3741855617E0A3E700D68688 /* saku.png */,
				3741855717E0A3E700D68688 /* status_bar.png */,
				3741855917E0A3E700D68688 /* えさ-down.png */,
				3741855A17E0A3E700D68688 /* えさ.png */,
				3741855B17E0A3E700D68688 /* おきに-down.png */,
				3741855C17E0A3E700D68688 /* おきに.png */,
			);
			name = "UIImage(~2013.9.11)";
			sourceTree = "<group>";
		};
		374D791D17D822CF00FAE80C = {
			isa = PBXGroup;
			children = (
				4AA1DEAE17E04EC80023B26E /* Default-568h@2x.png */,
				4A8B068417E0484300B408BB /* icon-mini.png */,
				4A8B068217E0481D00B408BB /* icon.png */,
				4A8B068017E0438E00B408BB /* Default.png */,
				4A8B067E17E042EF00B408BB /* Default@2x.png */,
				4A63EA9E17D890F400C93F86 /* libsqlite3.0.dylib */,
				374D792F17D822D000FAE80C /* Tubuyagi */,
				374D792817D822CF00FAE80C /* Frameworks */,
				374D792717D822CF00FAE80C /* Products */,
			);
			sourceTree = "<group>";
		};
		374D792717D822CF00FAE80C /* Products */ = {
			isa = PBXGroup;
			children = (
				374D792617D822CF00FAE80C /* Tubuyagi.app */,
			);
			name = Products;
			sourceTree = "<group>";
		};
		374D792817D822CF00FAE80C /* Frameworks */ = {
			isa = PBXGroup;
			children = (
				3741854617E0408C00D68688 /* AudioToolbox.framework */,
				37778B0417DC6DFA004F51A5 /* Twitter.framework */,
				375137BF17D9761F0069A12C /* Social.framework */,
				375137BD17D976150069A12C /* Accounts.framework */,
				374D792917D822D000FAE80C /* UIKit.framework */,
				374D792B17D822D000FAE80C /* Foundation.framework */,
				374D792D17D822D000FAE80C /* CoreGraphics.framework */,
			);
			name = Frameworks;
			sourceTree = "<group>";
		};
		374D792F17D822D000FAE80C /* Tubuyagi */ = {
			isa = PBXGroup;
			children = (
				3741854317E03D5D00D68688 /* Audio */,
				4A63EAA017D96F2D00C93F86 /* lib */,
				374D797A17D8551500FAE80C /* ViewController */,
				374D797917D8550600FAE80C /* SubClass */,
				374D795A17D8291E00FAE80C /* Images */,
				374D793817D822D000FAE80C /* AppDelegate.h */,
				374D793917D822D000FAE80C /* AppDelegate.m */,
				374D793017D822D000FAE80C /* Supporting Files */,
			);
			path = Tubuyagi;
			sourceTree = "<group>";
		};
		374D793017D822D000FAE80C /* Supporting Files */ = {
			isa = PBXGroup;
			children = (
				374D793117D822D000FAE80C /* Tubuyagi-Info.plist */,
				374D793217D822D000FAE80C /* InfoPlist.strings */,
				374D793517D822D000FAE80C /* main.m */,
				374D793717D822D000FAE80C /* Tubuyagi-Prefix.pch */,
				374D793B17D822D000FAE80C /* Default.png */,
				374D793D17D822D000FAE80C /* Default@2x.png */,
				374D793F17D822D000FAE80C /* Default-568h@2x.png */,
			);
			name = "Supporting Files";
			sourceTree = "<group>";
		};
		374D795A17D8291E00FAE80C /* Images */ = {
			isa = PBXGroup;
			children = (
				3741855117E0A3C900D68688 /* UIImage(~2013.9.11) */,
				3741854A17E07D0000D68688 /* paper.png */,
				3741854817E0505D00D68688 /* startbutton.png */,
				3741854117E0393E00D68688 /* yagi_kao_tarai.png */,
				3741853F17E02E7D00D68688 /* tarai.png */,
				3741853D17DFFF3300D68688 /* kamikuzu.png */,
				37CAC24017DEDDE400854D4D /* yagiSample.png */,
				37CAC1FC17DDB66B00854D4D /* arrow.png */,
				37CAC1F317DD83D300854D4D /* yagi_kao_a.png */,
				37CAC1F417DD83D300854D4D /* yagi_kao_mgmg.png */,
				37D0616017DC1E7200F94E30 /* yagi_hukigen.png */,
				37D0612C17DB5BAD00F94E30 /* yoko_03.png */,
				37D0612617DB469C00F94E30 /* maeAshi.png */,
				37D0612717DB469C00F94E30 /* ushiroAsh.png */,
				37D0612817DB469C00F94E30 /* usiroashi_03.png */,
				37D0611917DB421700F94E30 /* _doutai.png */,
				37D0611A17DB421700F94E30 /* _kao.png */,
				374D795B17D8291E00FAE80C /* gort.png */,
				374D795C17D8291E00FAE80C /* grassland.jpeg */,
				374D795D17D8291E00FAE80C /* signBoard.png */,
			);
			path = Images;
			sourceTree = "<group>";
		};
		374D797917D8550600FAE80C /* SubClass */ = {
			isa = PBXGroup;
			children = (
				37CAC1FE17DDB7F000854D4D /* HeaderView.h */,
				37CAC1FF17DDB7F000854D4D /* HeaderView.m */,
				37778AE917DC6D92004F51A5 /* STTwitter */,
				37D0615D17DB647000F94E30 /* CMPopTipView.h */,
				37D0615E17DB647100F94E30 /* CMPopTipView.m */,
				37D0612317DB422300F94E30 /* YagiView.h */,
				37D0612417DB422300F94E30 /* YagiView.m */,
				374D797B17D8552B00FAE80C /* bubbleView.h */,
				374D797C17D8552B00FAE80C /* bubbleView.m */,
				37CAC23D17DEDB8F00854D4D /* FavoriteCustomVIewCell.h */,
				37CAC23E17DEDB8F00854D4D /* FavoriteCustomVIewCell.m */,
			);
			name = SubClass;
			sourceTree = "<group>";
		};
		374D797A17D8551500FAE80C /* ViewController */ = {
			isa = PBXGroup;
			children = (
				374D794117D822D000FAE80C /* ViewController.h */,
				374D794217D822D000FAE80C /* ViewController.m */,
				374D794417D822D000FAE80C /* ViewController.xib */,
				374D797017D8463800FAE80C /* FoodUIViewController.h */,
				374D797117D8463800FAE80C /* FoodUIViewController.m */,
				374D797217D8463800FAE80C /* FoodUIViewController.xib */,
				37CAC1F717DDA6BB00854D4D /* DeleteWordTableViewController.h */,
				37CAC1F817DDA6BB00854D4D /* DeleteWordTableViewController.m */,
				37CAC1F917DDA6BB00854D4D /* DeleteWordTableViewController.xib */,
				37CAC23817DED99800854D4D /* FavoriteViewController.h */,
				37CAC23917DED99800854D4D /* FavoriteViewController.m */,
				37CAC23A17DED99900854D4D /* FavoriteViewController.xib */,
			);
			name = ViewController;
			sourceTree = "<group>";
		};
		37778AE917DC6D92004F51A5 /* STTwitter */ = {
			isa = PBXGroup;
			children = (
				37778B0117DC6DB1004F51A5 /* STHTTPRequest.h */,
				37778B0217DC6DB1004F51A5 /* STHTTPRequest.m */,
				37778AEA17DC6DA7004F51A5 /* NSString+STTwitter.h */,
				37778AEB17DC6DA7004F51A5 /* NSString+STTwitter.m */,
				37778AEC17DC6DA7004F51A5 /* STHTTPRequest+STTwitter.h */,
				37778AED17DC6DA7004F51A5 /* STHTTPRequest+STTwitter.m */,
				37778AEE17DC6DA7004F51A5 /* STTwitter.h */,
				37778AEF17DC6DA7004F51A5 /* STTwitterAPI.h */,
				37778AF017DC6DA7004F51A5 /* STTwitterAPI.m */,
				37778AF117DC6DA7004F51A5 /* STTwitterAppOnly.h */,
				37778AF217DC6DA7004F51A5 /* STTwitterAppOnly.m */,
				37778AF317DC6DA7004F51A5 /* STTwitterHTML.h */,
				37778AF417DC6DA7004F51A5 /* STTwitterHTML.m */,
				37778AF517DC6DA7004F51A5 /* STTwitterOAuth.h */,
				37778AF617DC6DA7004F51A5 /* STTwitterOAuth.m */,
				37778AF717DC6DA7004F51A5 /* STTwitterOS.h */,
				37778AF817DC6DA7004F51A5 /* STTwitterOS.m */,
				37778AF917DC6DA7004F51A5 /* STTwitterProtocol.h */,
			);
			name = STTwitter;
			sourceTree = "<group>";
		};
		4A63EAA017D96F2D00C93F86 /* lib */ = {
			isa = PBXGroup;
			children = (
				4A63EAA217D96F7000C93F86 /* FMDatabase.h */,
				4A63EAA317D96F7000C93F86 /* FMDatabase.m */,
				4A63EAA417D96F7000C93F86 /* FMDatabaseAdditions.h */,
				4A63EAA517D96F7000C93F86 /* FMDatabaseAdditions.m */,
				4A63EAA617D96F7000C93F86 /* FMDatabasePool.h */,
				4A63EAA717D96F7000C93F86 /* FMDatabasePool.m */,
				4A63EAA817D96F7000C93F86 /* FMDatabaseQueue.h */,
				4A63EAA917D96F7000C93F86 /* FMDatabaseQueue.m */,
				4A63EAAA17D96F7000C93F86 /* FMResultSet.h */,
				4A63EAAB17D96F7000C93F86 /* FMResultSet.m */,
				4A63EB9B17D9BD5300C93F86 /* TextAnalyzer.h */,
				4A63EB9C17D9BD5300C93F86 /* TextAnalyzer.m */,
				4A6FF2DF17DDA71500410BF5 /* BasicRequest.h */,
				4A6FF2E017DDA71500410BF5 /* BasicRequest.m */,
			);
			name = lib;
			sourceTree = "<group>";
		};
/* End PBXGroup section */

/* Begin PBXNativeTarget section */
		374D792517D822CF00FAE80C /* Tubuyagi */ = {
			isa = PBXNativeTarget;
			buildConfigurationList = 374D794917D822D000FAE80C /* Build configuration list for PBXNativeTarget "Tubuyagi" */;
			buildPhases = (
				374D792217D822CF00FAE80C /* Sources */,
				374D792317D822CF00FAE80C /* Frameworks */,
				374D792417D822CF00FAE80C /* Resources */,
			);
			buildRules = (
			);
			dependencies = (
			);
			name = Tubuyagi;
			productName = Tubuyagi;
			productReference = 374D792617D822CF00FAE80C /* Tubuyagi.app */;
			productType = "com.apple.product-type.application";
		};
/* End PBXNativeTarget section */

/* Begin PBXProject section */
		374D791E17D822CF00FAE80C /* Project object */ = {
			isa = PBXProject;
			attributes = {
				LastUpgradeCheck = 0460;
				ORGANIZATIONNAME = "Genki Ishibashi";
			};
			buildConfigurationList = 374D792117D822CF00FAE80C /* Build configuration list for PBXProject "Tubuyagi" */;
			compatibilityVersion = "Xcode 3.2";
			developmentRegion = English;
			hasScannedForEncodings = 0;
			knownRegions = (
				en,
			);
			mainGroup = 374D791D17D822CF00FAE80C;
			productRefGroup = 374D792717D822CF00FAE80C /* Products */;
			projectDirPath = "";
			projectRoot = "";
			targets = (
				374D792517D822CF00FAE80C /* Tubuyagi */,
			);
		};
/* End PBXProject section */

/* Begin PBXResourcesBuildPhase section */
		374D792417D822CF00FAE80C /* Resources */ = {
			isa = PBXResourcesBuildPhase;
			buildActionMask = 2147483647;
			files = (
				374D793417D822D000FAE80C /* InfoPlist.strings in Resources */,
				374D793E17D822D000FAE80C /* Default@2x.png in Resources */,
				374D794017D822D000FAE80C /* Default-568h@2x.png in Resources */,
				374D794617D822D000FAE80C /* ViewController.xib in Resources */,
				374D795E17D8291E00FAE80C /* gort.png in Resources */,
				374D795F17D8291E00FAE80C /* grassland.jpeg in Resources */,
				374D796017D8291E00FAE80C /* signBoard.png in Resources */,
				374D797417D8463800FAE80C /* FoodUIViewController.xib in Resources */,
				37D0611E17DB421700F94E30 /* _doutai.png in Resources */,
				37D0611F17DB421700F94E30 /* _kao.png in Resources */,
				37D0612917DB469C00F94E30 /* maeAshi.png in Resources */,
				37D0612A17DB469C00F94E30 /* ushiroAsh.png in Resources */,
				37D0612B17DB469C00F94E30 /* usiroashi_03.png in Resources */,
				37D0612D17DB5BAD00F94E30 /* yoko_03.png in Resources */,
				37D0616117DC1E7200F94E30 /* yagi_hukigen.png in Resources */,
				37CAC1F517DD83D300854D4D /* yagi_kao_a.png in Resources */,
				37CAC1F617DD83D300854D4D /* yagi_kao_mgmg.png in Resources */,
				37CAC1FB17DDA6BB00854D4D /* DeleteWordTableViewController.xib in Resources */,
				37CAC1FD17DDB66B00854D4D /* arrow.png in Resources */,
				37CAC23C17DED99900854D4D /* FavoriteViewController.xib in Resources */,
				37CAC24117DEDDE400854D4D /* yagiSample.png in Resources */,
				3741853E17DFFF3300D68688 /* kamikuzu.png in Resources */,
				3741854017E02E7D00D68688 /* tarai.png in Resources */,
				3741854217E0393E00D68688 /* yagi_kao_tarai.png in Resources */,
				3741854517E03D7600D68688 /* tarai.wav in Resources */,
				4A8B068317E0481D00B408BB /* icon.png in Resources */,
				4A8B068517E0484300B408BB /* icon-mini.png in Resources */,
				3741854917E0505D00D68688 /* startbutton.png in Resources */,
				3741854B17E07D0000D68688 /* paper.png in Resources */,
				3741854E17E082AE00D68688 /* Default-568h@2x.png in Resources */,
				3741854F17E083FE00D68688 /* Default.png in Resources */,
				3741855017E0840A00D68688 /* Default@2x.png in Resources */,
				3741855D17E0A3E700D68688 /* background.png in Resources */,
				3741855E17E0A3E700D68688 /* heart-big.png in Resources */,
				3741855F17E0A3E700D68688 /* heart.png in Resources */,
				3741856017E0A3E700D68688 /* paper_2.jpg in Resources */,
				3741856117E0A3E700D68688 /* saku.png in Resources */,
				3741856217E0A3E700D68688 /* status_bar.png in Resources */,
				3741856417E0A3E700D68688 /* えさ-down.png in Resources */,
				3741856517E0A3E700D68688 /* えさ.png in Resources */,
				3741856617E0A3E700D68688 /* おきに-down.png in Resources */,
				3741856717E0A3E700D68688 /* おきに.png in Resources */,
				3741856A17E0A6D300D68688 /* button-down.png in Resources */,
				3741856B17E0A6D300D68688 /* button-up.png in Resources */,
				3741856D17E0AD6000D68688 /* preference.png in Resources */,
				3742D34A17E15CB900C83680 /* back-down.png in Resources */,
				3742D34B17E15CB900C83680 /* back.png in Resources */,
				3742D34D17E18B1900C83680 /* story.png in Resources */,
				3742D34F17E1984F00C83680 /* tutorial.png in Resources */,
				4A4564FA17E1C04F00DA3013 /* paper.wav in Resources */,
				4A45650217E1C3FA00DA3013 /* yagi.wav in Resources */,
				3742D35317E1B07C00C83680 /* clock.png in Resources */,
				3742D35417E1B07C00C83680 /* crown.png in Resources */,
				3742D35517E1B07C00C83680 /* scroll.png in Resources */,
				3742D35817E1B69E00C83680 /* total-heart.png in Resources */,
				3742D35917E1B69E00C83680 /* vocant-heart.png in Resources */,
				3742D35D17E1CAD200C83680 /* setting.png in Resources */,
				3742D36017E1D66100C83680 /* config_background_new.png in Resources */,
				3742D36317E1D86600C83680 /* tutorial_new2.png in Resources */,
				3742D36517E1ECA400C83680 /* batu2.png in Resources */,
			);
			runOnlyForDeploymentPostprocessing = 0;
		};
/* End PBXResourcesBuildPhase section */

/* Begin PBXSourcesBuildPhase section */
		374D792217D822CF00FAE80C /* Sources */ = {
			isa = PBXSourcesBuildPhase;
			buildActionMask = 2147483647;
			files = (
				374D793617D822D000FAE80C /* main.m in Sources */,
				374D793A17D822D000FAE80C /* AppDelegate.m in Sources */,
				374D794317D822D000FAE80C /* ViewController.m in Sources */,
				374D797317D8463800FAE80C /* FoodUIViewController.m in Sources */,
				374D797D17D8552B00FAE80C /* bubbleView.m in Sources */,
				4A63EAAC17D96F7000C93F86 /* FMDatabase.m in Sources */,
				4A63EAAD17D96F7000C93F86 /* FMDatabaseAdditions.m in Sources */,
				4A63EAAE17D96F7000C93F86 /* FMDatabasePool.m in Sources */,
				4A63EAAF17D96F7000C93F86 /* FMDatabaseQueue.m in Sources */,
				4A63EAB017D96F7000C93F86 /* FMResultSet.m in Sources */,
				4A63EB9D17D9BD5300C93F86 /* TextAnalyzer.m in Sources */,
				37D0612517DB422300F94E30 /* YagiView.m in Sources */,
				37D0615F17DB647100F94E30 /* CMPopTipView.m in Sources */,
				37778AFA17DC6DA7004F51A5 /* NSString+STTwitter.m in Sources */,
				37778AFB17DC6DA7004F51A5 /* STHTTPRequest+STTwitter.m in Sources */,
				37778AFC17DC6DA7004F51A5 /* STTwitterAPI.m in Sources */,
				37778AFD17DC6DA7004F51A5 /* STTwitterAppOnly.m in Sources */,
				37778AFE17DC6DA7004F51A5 /* STTwitterHTML.m in Sources */,
				37778AFF17DC6DA7004F51A5 /* STTwitterOAuth.m in Sources */,
				37778B0017DC6DA7004F51A5 /* STTwitterOS.m in Sources */,
				37778B0317DC6DB1004F51A5 /* STHTTPRequest.m in Sources */,
				37CAC1FA17DDA6BB00854D4D /* DeleteWordTableViewController.m in Sources */,
				4A6FF2E117DDA71500410BF5 /* BasicRequest.m in Sources */,
				37CAC20017DDB7F000854D4D /* HeaderView.m in Sources */,
				37CAC23B17DED99900854D4D /* FavoriteViewController.m in Sources */,
				37CAC23F17DEDB8F00854D4D /* FavoriteCustomVIewCell.m in Sources */,
			);
			runOnlyForDeploymentPostprocessing = 0;
		};
/* End PBXSourcesBuildPhase section */

/* Begin PBXVariantGroup section */
		374D793217D822D000FAE80C /* InfoPlist.strings */ = {
			isa = PBXVariantGroup;
			children = (
				374D793317D822D000FAE80C /* en */,
			);
			name = InfoPlist.strings;
			sourceTree = "<group>";
		};
		374D794417D822D000FAE80C /* ViewController.xib */ = {
			isa = PBXVariantGroup;
			children = (
				374D794517D822D000FAE80C /* en */,
			);
			name = ViewController.xib;
			sourceTree = "<group>";
		};
/* End PBXVariantGroup section */

/* Begin XCBuildConfiguration section */
		374D794717D822D000FAE80C /* Debug */ = {
			isa = XCBuildConfiguration;
			buildSettings = {
				ALWAYS_SEARCH_USER_PATHS = NO;
				CLANG_CXX_LANGUAGE_STANDARD = "gnu++0x";
				CLANG_CXX_LIBRARY = "libc++";
				CLANG_ENABLE_OBJC_ARC = YES;
				CLANG_WARN_CONSTANT_CONVERSION = YES;
				CLANG_WARN_EMPTY_BODY = YES;
				CLANG_WARN_ENUM_CONVERSION = YES;
				CLANG_WARN_INT_CONVERSION = YES;
				CLANG_WARN__DUPLICATE_METHOD_MATCH = YES;
				CODE_SIGN_IDENTITY = "iPhone Developer: Ippei Otsuka (JZW5DJYPD8)";
				"CODE_SIGN_IDENTITY[sdk=iphoneos*]" = "iPhone Developer";
				COPY_PHASE_STRIP = NO;
				GCC_C_LANGUAGE_STANDARD = gnu99;
				GCC_DYNAMIC_NO_PIC = NO;
				GCC_OPTIMIZATION_LEVEL = 0;
				GCC_PREPROCESSOR_DEFINITIONS = (
					"DEBUG=1",
					"$(inherited)",
				);
				GCC_SYMBOLS_PRIVATE_EXTERN = NO;
				GCC_WARN_ABOUT_RETURN_TYPE = YES;
				GCC_WARN_UNINITIALIZED_AUTOS = YES;
				GCC_WARN_UNUSED_VARIABLE = YES;
				IPHONEOS_DEPLOYMENT_TARGET = 6.1;
				ONLY_ACTIVE_ARCH = YES;
				PROVISIONING_PROFILE = "17790BCE-6B94-437E-8EDA-DBE8C147FFF0";
				SDKROOT = iphoneos;
			};
			name = Debug;
		};
		374D794817D822D000FAE80C /* Release */ = {
			isa = XCBuildConfiguration;
			buildSettings = {
				ALWAYS_SEARCH_USER_PATHS = NO;
				CLANG_CXX_LANGUAGE_STANDARD = "gnu++0x";
				CLANG_CXX_LIBRARY = "libc++";
				CLANG_ENABLE_OBJC_ARC = YES;
				CLANG_WARN_CONSTANT_CONVERSION = YES;
				CLANG_WARN_EMPTY_BODY = YES;
				CLANG_WARN_ENUM_CONVERSION = YES;
				CLANG_WARN_INT_CONVERSION = YES;
				CLANG_WARN__DUPLICATE_METHOD_MATCH = YES;
				CODE_SIGN_IDENTITY = "iPhone Developer: Ippei Otsuka (JZW5DJYPD8)";
				"CODE_SIGN_IDENTITY[sdk=iphoneos*]" = "iPhone Developer";
				COPY_PHASE_STRIP = YES;
				GCC_C_LANGUAGE_STANDARD = gnu99;
				GCC_WARN_ABOUT_RETURN_TYPE = YES;
				GCC_WARN_UNINITIALIZED_AUTOS = YES;
				GCC_WARN_UNUSED_VARIABLE = YES;
				IPHONEOS_DEPLOYMENT_TARGET = 6.1;
				OTHER_CFLAGS = "-DNS_BLOCK_ASSERTIONS=1";
				PROVISIONING_PROFILE = "17790BCE-6B94-437E-8EDA-DBE8C147FFF0";
				SDKROOT = iphoneos;
				VALIDATE_PRODUCT = YES;
			};
			name = Release;
		};
		374D794A17D822D000FAE80C /* Debug */ = {
			isa = XCBuildConfiguration;
			buildSettings = {
				CODE_SIGN_IDENTITY = "iPhone Developer: Ippei Otsuka (JZW5DJYPD8)";
				GCC_PRECOMPILE_PREFIX_HEADER = YES;
				GCC_PREFIX_HEADER = "Tubuyagi/Tubuyagi-Prefix.pch";
				INFOPLIST_FILE = "Tubuyagi/Tubuyagi-Info.plist";
				IPHONEOS_DEPLOYMENT_TARGET = 5.1;
				PRODUCT_NAME = "$(TARGET_NAME)";
				PROVISIONING_PROFILE = "4B42FD45-9B39-4665-AFF3-E15B7876D52F";
				SDKROOT = iphoneos6.1;
				WRAPPER_EXTENSION = app;
			};
			name = Debug;
		};
		374D794B17D822D000FAE80C /* Release */ = {
			isa = XCBuildConfiguration;
			buildSettings = {
				CODE_SIGN_IDENTITY = "iPhone Developer: Ippei Otsuka (JZW5DJYPD8)";
				GCC_PRECOMPILE_PREFIX_HEADER = YES;
				GCC_PREFIX_HEADER = "Tubuyagi/Tubuyagi-Prefix.pch";
				INFOPLIST_FILE = "Tubuyagi/Tubuyagi-Info.plist";
				IPHONEOS_DEPLOYMENT_TARGET = 5.1;
				PRODUCT_NAME = "$(TARGET_NAME)";
				PROVISIONING_PROFILE = "4B42FD45-9B39-4665-AFF3-E15B7876D52F";
				SDKROOT = iphoneos6.1;
				WRAPPER_EXTENSION = app;
			};
			name = Release;
		};
/* End XCBuildConfiguration section */

/* Begin XCConfigurationList section */
		374D792117D822CF00FAE80C /* Build configuration list for PBXProject "Tubuyagi" */ = {
			isa = XCConfigurationList;
			buildConfigurations = (
				374D794717D822D000FAE80C /* Debug */,
				374D794817D822D000FAE80C /* Release */,
			);
			defaultConfigurationIsVisible = 0;
			defaultConfigurationName = Release;
		};
		374D794917D822D000FAE80C /* Build configuration list for PBXNativeTarget "Tubuyagi" */ = {
			isa = XCConfigurationList;
			buildConfigurations = (
				374D794A17D822D000FAE80C /* Debug */,
				374D794B17D822D000FAE80C /* Release */,
			);
			defaultConfigurationIsVisible = 0;
			defaultConfigurationName = Release;
		};
/* End XCConfigurationList section */
	};
	rootObject = 374D791E17D822CF00FAE80C /* Project object */;
}
