// !$*UTF8*$!
{
	archiveVersion = 1;
	classes = {
	};
	objectVersion = 46;
	objects = {

/* Begin PBXBuildFile section */
		3741853E17DFFF3300D68688 /* kamikuzu.png in Resources */ = {isa = PBXBuildFile; fileRef = 3741853D17DFFF3300D68688 /* kamikuzu.png */; };
		3741854017E02E7D00D68688 /* tarai.png in Resources */ = {isa = PBXBuildFile; fileRef = 3741853F17E02E7D00D68688 /* tarai.png */; };
		3741854517E03D7600D68688 /* tarai.wav in Resources */ = {isa = PBXBuildFile; fileRef = 3741854417E03D7600D68688 /* tarai.wav */; };
		3741854717E0408C00D68688 /* AudioToolbox.framework in Frameworks */ = {isa = PBXBuildFile; fileRef = 3741854617E0408C00D68688 /* AudioToolbox.framework */; };
		3741854917E0505D00D68688 /* startbutton.png in Resources */ = {isa = PBXBuildFile; fileRef = 3741854817E0505D00D68688 /* startbutton.png */; };
		3741854B17E07D0000D68688 /* paper.png in Resources */ = {isa = PBXBuildFile; fileRef = 3741854A17E07D0000D68688 /* paper.png */; };
		3741854E17E082AE00D68688 /* Default-568h@2x.png in Resources */ = {isa = PBXBuildFile; fileRef = 4AA1DEAE17E04EC80023B26E /* Default-568h@2x.png */; };
		3741854F17E083FE00D68688 /* Default.png in Resources */ = {isa = PBXBuildFile; fileRef = 4A8B068017E0438E00B408BB /* Default.png */; };
		3741855017E0840A00D68688 /* Default@2x.png in Resources */ = {isa = PBXBuildFile; fileRef = 4A8B067E17E042EF00B408BB /* Default@2x.png */; };
		3741855D17E0A3E700D68688 /* background.png in Resources */ = {isa = PBXBuildFile; fileRef = 3741855217E0A3E700D68688 /* background.png */; };
		3741855E17E0A3E700D68688 /* heart-big.png in Resources */ = {isa = PBXBuildFile; fileRef = 3741855317E0A3E700D68688 /* heart-big.png */; };
		3741855F17E0A3E700D68688 /* heart.png in Resources */ = {isa = PBXBuildFile; fileRef = 3741855417E0A3E700D68688 /* heart.png */; };
		3741856017E0A3E700D68688 /* paper_2.jpg in Resources */ = {isa = PBXBuildFile; fileRef = 3741855517E0A3E700D68688 /* paper_2.jpg */; };
		3741856117E0A3E700D68688 /* saku.png in Resources */ = {isa = PBXBuildFile; fileRef = 3741855617E0A3E700D68688 /* saku.png */; };
		3741856217E0A3E700D68688 /* status_bar.png in Resources */ = {isa = PBXBuildFile; fileRef = 3741855717E0A3E700D68688 /* status_bar.png */; };
		3741856417E0A3E700D68688 /* えさ-down.png in Resources */ = {isa = PBXBuildFile; fileRef = 3741855917E0A3E700D68688 /* えさ-down.png */; };
		3741856517E0A3E700D68688 /* えさ.png in Resources */ = {isa = PBXBuildFile; fileRef = 3741855A17E0A3E700D68688 /* えさ.png */; };
		3741856617E0A3E700D68688 /* おきに-down.png in Resources */ = {isa = PBXBuildFile; fileRef = 3741855B17E0A3E700D68688 /* おきに-down.png */; };
		3741856717E0A3E700D68688 /* おきに.png in Resources */ = {isa = PBXBuildFile; fileRef = 3741855C17E0A3E700D68688 /* おきに.png */; };
		3741856A17E0A6D300D68688 /* button-down.png in Resources */ = {isa = PBXBuildFile; fileRef = 3741856817E0A6D100D68688 /* button-down.png */; };
		3741856B17E0A6D300D68688 /* button-up.png in Resources */ = {isa = PBXBuildFile; fileRef = 3741856917E0A6D200D68688 /* button-up.png */; };
		3741856D17E0AD6000D68688 /* preference.png in Resources */ = {isa = PBXBuildFile; fileRef = 3741856C17E0AD6000D68688 /* preference.png */; };
		3742D34A17E15CB900C83680 /* back-down.png in Resources */ = {isa = PBXBuildFile; fileRef = 3742D34817E15CB800C83680 /* back-down.png */; };
		3742D34B17E15CB900C83680 /* back.png in Resources */ = {isa = PBXBuildFile; fileRef = 3742D34917E15CB900C83680 /* back.png */; };
		3742D34D17E18B1900C83680 /* story.png in Resources */ = {isa = PBXBuildFile; fileRef = 3742D34C17E18B1900C83680 /* story.png */; };
		3742D35317E1B07C00C83680 /* clock.png in Resources */ = {isa = PBXBuildFile; fileRef = 3742D35017E1B07B00C83680 /* clock.png */; };
		3742D35417E1B07C00C83680 /* crown.png in Resources */ = {isa = PBXBuildFile; fileRef = 3742D35117E1B07B00C83680 /* crown.png */; };
		3742D35517E1B07C00C83680 /* scroll.png in Resources */ = {isa = PBXBuildFile; fileRef = 3742D35217E1B07B00C83680 /* scroll.png */; };
		3742D35817E1B69E00C83680 /* total-heart.png in Resources */ = {isa = PBXBuildFile; fileRef = 3742D35617E1B69D00C83680 /* total-heart.png */; };
		3742D35917E1B69E00C83680 /* vocant-heart.png in Resources */ = {isa = PBXBuildFile; fileRef = 3742D35717E1B69D00C83680 /* vocant-heart.png */; };
		3742D35D17E1CAD200C83680 /* setting.png in Resources */ = {isa = PBXBuildFile; fileRef = 3742D35B17E1CAD100C83680 /* setting.png */; };
		3742D36017E1D66100C83680 /* config_background_new.png in Resources */ = {isa = PBXBuildFile; fileRef = 3742D35E17E1D65F00C83680 /* config_background_new.png */; };
		3742D36317E1D86600C83680 /* tutorial_new2.png in Resources */ = {isa = PBXBuildFile; fileRef = 3742D36217E1D86500C83680 /* tutorial_new2.png */; };
		3742D36517E1ECA400C83680 /* batu2.png in Resources */ = {isa = PBXBuildFile; fileRef = 3742D36417E1ECA400C83680 /* batu2.png */; };
		374D792A17D822D000FAE80C /* UIKit.framework in Frameworks */ = {isa = PBXBuildFile; fileRef = 374D792917D822D000FAE80C /* UIKit.framework */; };
		374D792C17D822D000FAE80C /* Foundation.framework in Frameworks */ = {isa = PBXBuildFile; fileRef = 374D792B17D822D000FAE80C /* Foundation.framework */; };
		374D792E17D822D000FAE80C /* CoreGraphics.framework in Frameworks */ = {isa = PBXBuildFile; fileRef = 374D792D17D822D000FAE80C /* CoreGraphics.framework */; };
		374D793417D822D000FAE80C /* InfoPlist.strings in Resources */ = {isa = PBXBuildFile; fileRef = 374D793217D822D000FAE80C /* InfoPlist.strings */; };
		374D793617D822D000FAE80C /* main.m in Sources */ = {isa = PBXBuildFile; fileRef = 374D793517D822D000FAE80C /* main.m */; };
		374D793A17D822D000FAE80C /* AppDelegate.m in Sources */ = {isa = PBXBuildFile; fileRef = 374D793917D822D000FAE80C /* AppDelegate.m */; };
		374D793E17D822D000FAE80C /* Default@2x.png in Resources */ = {isa = PBXBuildFile; fileRef = 374D793D17D822D000FAE80C /* Default@2x.png */; };
		374D794017D822D000FAE80C /* Default-568h@2x.png in Resources */ = {isa = PBXBuildFile; fileRef = 374D793F17D822D000FAE80C /* Default-568h@2x.png */; };
		374D794317D822D000FAE80C /* ViewController.m in Sources */ = {isa = PBXBuildFile; fileRef = 374D794217D822D000FAE80C /* ViewController.m */; };
		374D794617D822D000FAE80C /* ViewController.xib in Resources */ = {isa = PBXBuildFile; fileRef = 374D794417D822D000FAE80C /* ViewController.xib */; };
		374D795E17D8291E00FAE80C /* gort.png in Resources */ = {isa = PBXBuildFile; fileRef = 374D795B17D8291E00FAE80C /* gort.png */; };
		374D795F17D8291E00FAE80C /* grassland.jpeg in Resources */ = {isa = PBXBuildFile; fileRef = 374D795C17D8291E00FAE80C /* grassland.jpeg */; };
		374D796017D8291E00FAE80C /* signBoard.png in Resources */ = {isa = PBXBuildFile; fileRef = 374D795D17D8291E00FAE80C /* signBoard.png */; };
		374D797317D8463800FAE80C /* FoodUIViewController.m in Sources */ = {isa = PBXBuildFile; fileRef = 374D797117D8463800FAE80C /* FoodUIViewController.m */; };
		374D797417D8463800FAE80C /* FoodUIViewController.xib in Resources */ = {isa = PBXBuildFile; fileRef = 374D797217D8463800FAE80C /* FoodUIViewController.xib */; };
		374D797D17D8552B00FAE80C /* bubbleView.m in Sources */ = {isa = PBXBuildFile; fileRef = 374D797C17D8552B00FAE80C /* bubbleView.m */; };
		375137BE17D976150069A12C /* Accounts.framework in Frameworks */ = {isa = PBXBuildFile; fileRef = 375137BD17D976150069A12C /* Accounts.framework */; };
		375137C017D9761F0069A12C /* Social.framework in Frameworks */ = {isa = PBXBuildFile; fileRef = 375137BF17D9761F0069A12C /* Social.framework */; };
		37778B0517DC6DFA004F51A5 /* Twitter.framework in Frameworks */ = {isa = PBXBuildFile; fileRef = 37778B0417DC6DFA004F51A5 /* Twitter.framework */; };
		37CAC1FA17DDA6BB00854D4D /* DeleteWordTableViewController.m in Sources */ = {isa = PBXBuildFile; fileRef = 37CAC1F817DDA6BB00854D4D /* DeleteWordTableViewController.m */; };
		37CAC1FB17DDA6BB00854D4D /* DeleteWordTableViewController.xib in Resources */ = {isa = PBXBuildFile; fileRef = 37CAC1F917DDA6BB00854D4D /* DeleteWordTableViewController.xib */; };
		37CAC1FD17DDB66B00854D4D /* arrow.png in Resources */ = {isa = PBXBuildFile; fileRef = 37CAC1FC17DDB66B00854D4D /* arrow.png */; };
		37CAC20017DDB7F000854D4D /* HeaderView.m in Sources */ = {isa = PBXBuildFile; fileRef = 37CAC1FF17DDB7F000854D4D /* HeaderView.m */; };
		37CAC23B17DED99900854D4D /* FavoriteViewController.m in Sources */ = {isa = PBXBuildFile; fileRef = 37CAC23917DED99800854D4D /* FavoriteViewController.m */; };
		37CAC23C17DED99900854D4D /* FavoriteViewController.xib in Resources */ = {isa = PBXBuildFile; fileRef = 37CAC23A17DED99900854D4D /* FavoriteViewController.xib */; };
		37CAC24117DEDDE400854D4D /* yagiSample.png in Resources */ = {isa = PBXBuildFile; fileRef = 37CAC24017DEDDE400854D4D /* yagiSample.png */; };
		37D0612517DB422300F94E30 /* YagiView.m in Sources */ = {isa = PBXBuildFile; fileRef = 37D0612417DB422300F94E30 /* YagiView.m */; };
		4A2C7EA718E87F0000B87C25 /* tree.png in Resources */ = {isa = PBXBuildFile; fileRef = 4A2C7EA618E87F0000B87C25 /* tree.png */; };
		4A2C7EAA18E8809C00B87C25 /* TreeView.m in Sources */ = {isa = PBXBuildFile; fileRef = 4A2C7EA918E8809C00B87C25 /* TreeView.m */; };
		4A2C7EB118E8B4C300B87C25 /* CMPopTipView.m in Sources */ = {isa = PBXBuildFile; fileRef = 4A2C7EB018E8B4C300B87C25 /* CMPopTipView.m */; };
		4A2F2F6E17F1D28C0017E97A /* NSString+SHA.m in Sources */ = {isa = PBXBuildFile; fileRef = 4A2F2F6D17F1D28C0017E97A /* NSString+SHA.m */; };
		4A2F2F7117F1D8C50017E97A /* TweetsManager.m in Sources */ = {isa = PBXBuildFile; fileRef = 4A2F2F7017F1D8C50017E97A /* TweetsManager.m */; };
		4A4564FA17E1C04F00DA3013 /* paper.wav in Resources */ = {isa = PBXBuildFile; fileRef = 4A4564F917E1C04F00DA3013 /* paper.wav */; };
		4A45650217E1C3FA00DA3013 /* yagi.wav in Resources */ = {isa = PBXBuildFile; fileRef = 4A45650117E1C3FA00DA3013 /* yagi.wav */; };
		4A63EA9F17D890F400C93F86 /* libsqlite3.0.dylib in Frameworks */ = {isa = PBXBuildFile; fileRef = 4A63EA9E17D890F400C93F86 /* libsqlite3.0.dylib */; };
		4A63EB9D17D9BD5300C93F86 /* MarkovTextGenerator.m in Sources */ = {isa = PBXBuildFile; fileRef = 4A63EB9C17D9BD5300C93F86 /* MarkovTextGenerator.m */; };
		4A8B068317E0481D00B408BB /* icon.png in Resources */ = {isa = PBXBuildFile; fileRef = 4A8B068217E0481D00B408BB /* icon.png */; };
		4A8B068517E0484300B408BB /* icon-mini.png in Resources */ = {isa = PBXBuildFile; fileRef = 4A8B068417E0484300B408BB /* icon-mini.png */; };
		4A9CBCF518D70F6300E32BD9 /* STTwitterOSRequest.m in Sources */ = {isa = PBXBuildFile; fileRef = 4A9CBCF418D70F6300E32BD9 /* STTwitterOSRequest.m */; };
		4A9CBCF718D854F900E32BD9 /* AuthentificationKeys.m in Sources */ = {isa = PBXBuildFile; fileRef = 4A9CBCF618D854F900E32BD9 /* AuthentificationKeys.m */; };
		4AA7A6DB180EAAA500F0B13B /* real_a.png in Resources */ = {isa = PBXBuildFile; fileRef = 4AA7A6D0180EAAA500F0B13B /* real_a.png */; };
		4AA7A6DC180EAAA500F0B13B /* real_doutai.png in Resources */ = {isa = PBXBuildFile; fileRef = 4AA7A6D1180EAAA500F0B13B /* real_doutai.png */; };
		4AA7A6DD180EAAA500F0B13B /* real_hukigen.png in Resources */ = {isa = PBXBuildFile; fileRef = 4AA7A6D2180EAAA500F0B13B /* real_hukigen.png */; };
		4AA7A6DE180EAAA500F0B13B /* real_kao.png in Resources */ = {isa = PBXBuildFile; fileRef = 4AA7A6D3180EAAA500F0B13B /* real_kao.png */; };
		4AA7A6DF180EAAA500F0B13B /* real_maeashi.png in Resources */ = {isa = PBXBuildFile; fileRef = 4AA7A6D4180EAAA500F0B13B /* real_maeashi.png */; };
		4AA7A6E0180EAAA500F0B13B /* real_maeashi2.png in Resources */ = {isa = PBXBuildFile; fileRef = 4AA7A6D5180EAAA500F0B13B /* real_maeashi2.png */; };
		4AA7A6E1180EAAA500F0B13B /* real_mgmg.png in Resources */ = {isa = PBXBuildFile; fileRef = 4AA7A6D6180EAAA500F0B13B /* real_mgmg.png */; };
		4AA7A6E2180EAAA500F0B13B /* real_tarai.png in Resources */ = {isa = PBXBuildFile; fileRef = 4AA7A6D7180EAAA500F0B13B /* real_tarai.png */; };
		4AA7A6E3180EAAA500F0B13B /* real_ushiroashi.png in Resources */ = {isa = PBXBuildFile; fileRef = 4AA7A6D8180EAAA500F0B13B /* real_ushiroashi.png */; };
		4AA7A6E4180EAAA500F0B13B /* real_ushiroashi2.png in Resources */ = {isa = PBXBuildFile; fileRef = 4AA7A6D9180EAAA500F0B13B /* real_ushiroashi2.png */; };
		4AA7A6E5180EAAA500F0B13B /* real_yoko.png in Resources */ = {isa = PBXBuildFile; fileRef = 4AA7A6DA180EAAA500F0B13B /* real_yoko.png */; };
		4AA7A6F2180EAAAD00F0B13B /* normal_doutai.png in Resources */ = {isa = PBXBuildFile; fileRef = 4AA7A6E7180EAAAD00F0B13B /* normal_doutai.png */; };
		4AA7A6F3180EAAAD00F0B13B /* normal_a.png in Resources */ = {isa = PBXBuildFile; fileRef = 4AA7A6E8180EAAAD00F0B13B /* normal_a.png */; };
		4AA7A6F4180EAAAD00F0B13B /* normal_hukigen.png in Resources */ = {isa = PBXBuildFile; fileRef = 4AA7A6E9180EAAAD00F0B13B /* normal_hukigen.png */; };
		4AA7A6F5180EAAAD00F0B13B /* normal_kao.png in Resources */ = {isa = PBXBuildFile; fileRef = 4AA7A6EA180EAAAD00F0B13B /* normal_kao.png */; };
		4AA7A6F6180EAAAD00F0B13B /* normal_maeashi.png in Resources */ = {isa = PBXBuildFile; fileRef = 4AA7A6EB180EAAAD00F0B13B /* normal_maeashi.png */; };
		4AA7A6F7180EAAAD00F0B13B /* normal_maeashi2.png in Resources */ = {isa = PBXBuildFile; fileRef = 4AA7A6EC180EAAAD00F0B13B /* normal_maeashi2.png */; };
		4AA7A6F8180EAAAD00F0B13B /* normal_mgmg.png in Resources */ = {isa = PBXBuildFile; fileRef = 4AA7A6ED180EAAAD00F0B13B /* normal_mgmg.png */; };
		4AA7A6F9180EAAAD00F0B13B /* normal_tarai.png in Resources */ = {isa = PBXBuildFile; fileRef = 4AA7A6EE180EAAAD00F0B13B /* normal_tarai.png */; };
		4AA7A6FA180EAAAD00F0B13B /* normal_ushiroashi.png in Resources */ = {isa = PBXBuildFile; fileRef = 4AA7A6EF180EAAAD00F0B13B /* normal_ushiroashi.png */; };
		4AA7A6FB180EAAAD00F0B13B /* normal_ushiroashi2.png in Resources */ = {isa = PBXBuildFile; fileRef = 4AA7A6F0180EAAAD00F0B13B /* normal_ushiroashi2.png */; };
		4AA7A6FC180EAAAD00F0B13B /* normal_yoko.png in Resources */ = {isa = PBXBuildFile; fileRef = 4AA7A6F1180EAAAD00F0B13B /* normal_yoko.png */; };
		4AB139D818DDDEA400921337 /* FMDatabase+Tubuyagi.m in Sources */ = {isa = PBXBuildFile; fileRef = 4AB139D718DDDEA400921337 /* FMDatabase+Tubuyagi.m */; };
		4AB139E518DEC53600921337 /* FMDatabase.m in Sources */ = {isa = PBXBuildFile; fileRef = 4AB139DB18DEC53600921337 /* FMDatabase.m */; };
		4AB139E618DEC53600921337 /* FMDatabaseAdditions.m in Sources */ = {isa = PBXBuildFile; fileRef = 4AB139DD18DEC53600921337 /* FMDatabaseAdditions.m */; };
		4AB139E718DEC53600921337 /* FMDatabasePool.m in Sources */ = {isa = PBXBuildFile; fileRef = 4AB139DF18DEC53600921337 /* FMDatabasePool.m */; };
		4AB139E818DEC53600921337 /* FMDatabaseQueue.m in Sources */ = {isa = PBXBuildFile; fileRef = 4AB139E118DEC53600921337 /* FMDatabaseQueue.m */; };
		4AB139E918DEC53600921337 /* FMResultSet.m in Sources */ = {isa = PBXBuildFile; fileRef = 4AB139E418DEC53600921337 /* FMResultSet.m */; };
		4AB139ED18E4188800921337 /* NSDate+TimeAgo.m in Sources */ = {isa = PBXBuildFile; fileRef = 4AB139EC18E4188800921337 /* NSDate+TimeAgo.m */; };
		4ABA5EC517E27DED0041FB3C /* tutorial.png in Resources */ = {isa = PBXBuildFile; fileRef = 4ABA5EC417E27DED0041FB3C /* tutorial.png */; };
		4ABA5EC717E27E740041FB3C /* tutorial_new3.png in Resources */ = {isa = PBXBuildFile; fileRef = 4ABA5EC617E27E740041FB3C /* tutorial_new3.png */; };
		4AE36E5F18D2206F000A8084 /* XCTest.framework in Frameworks */ = {isa = PBXBuildFile; fileRef = 4AE36E5E18D2206F000A8084 /* XCTest.framework */; };
		4AE36E6018D2206F000A8084 /* Foundation.framework in Frameworks */ = {isa = PBXBuildFile; fileRef = 374D792B17D822D000FAE80C /* Foundation.framework */; };
		4AE36E6118D2206F000A8084 /* UIKit.framework in Frameworks */ = {isa = PBXBuildFile; fileRef = 374D792917D822D000FAE80C /* UIKit.framework */; };
		4AE36E6718D2206F000A8084 /* InfoPlist.strings in Resources */ = {isa = PBXBuildFile; fileRef = 4AE36E6518D2206F000A8084 /* InfoPlist.strings */; };
		4AE36E6918D2206F000A8084 /* Tubuyagi_Tests.m in Sources */ = {isa = PBXBuildFile; fileRef = 4AE36E6818D2206F000A8084 /* Tubuyagi_Tests.m */; };
		4AE36E7118D22202000A8084 /* TweetsManagerTests.m in Sources */ = {isa = PBXBuildFile; fileRef = 4AE36E7018D22202000A8084 /* TweetsManagerTests.m */; };
		4AEC6F4A18E5666000A7BC83 /* ActivityCustomViewCell.m in Sources */ = {isa = PBXBuildFile; fileRef = 4AEC6F4918E5666000A7BC83 /* ActivityCustomViewCell.m */; };
		4AEC6F4C18E5DFE700A7BC83 /* bell.png in Resources */ = {isa = PBXBuildFile; fileRef = 4AEC6F4B18E5DFE700A7BC83 /* bell.png */; };
		4AEC6F4F18E87B2A00A7BC83 /* FavoriteCustomViewCell.m in Sources */ = {isa = PBXBuildFile; fileRef = 4AEC6F4E18E87B2A00A7BC83 /* FavoriteCustomViewCell.m */; };
		4AEE6B0E180E800D000C945A /* NSString+STTwitter.m in Sources */ = {isa = PBXBuildFile; fileRef = 4AEE6AFF180E800D000C945A /* NSString+STTwitter.m */; };
		4AEE6B0F180E800D000C945A /* STHTTPRequest+STTwitter.m in Sources */ = {isa = PBXBuildFile; fileRef = 4AEE6B01180E800D000C945A /* STHTTPRequest+STTwitter.m */; };
		4AEE6B10180E800D000C945A /* STTwitterAPI.m in Sources */ = {isa = PBXBuildFile; fileRef = 4AEE6B04180E800D000C945A /* STTwitterAPI.m */; };
		4AEE6B11180E800D000C945A /* STTwitterAppOnly.m in Sources */ = {isa = PBXBuildFile; fileRef = 4AEE6B06180E800D000C945A /* STTwitterAppOnly.m */; };
		4AEE6B12180E800D000C945A /* STTwitterHTML.m in Sources */ = {isa = PBXBuildFile; fileRef = 4AEE6B08180E800D000C945A /* STTwitterHTML.m */; };
		4AEE6B13180E800D000C945A /* STTwitterOAuth.m in Sources */ = {isa = PBXBuildFile; fileRef = 4AEE6B0A180E800D000C945A /* STTwitterOAuth.m */; };
		4AEE6B14180E800D000C945A /* STTwitterOS.m in Sources */ = {isa = PBXBuildFile; fileRef = 4AEE6B0C180E800D000C945A /* STTwitterOS.m */; };
		4AEE6B1C180E802E000C945A /* BAVPlistNode.m in Sources */ = {isa = PBXBuildFile; fileRef = 4AEE6B17180E802E000C945A /* BAVPlistNode.m */; };
		4AEE6B1D180E802E000C945A /* JSONSyntaxHighlight.m in Sources */ = {isa = PBXBuildFile; fileRef = 4AEE6B19180E802E000C945A /* JSONSyntaxHighlight.m */; };
		4AEE6B1E180E802E000C945A /* STHTTPRequest.m in Sources */ = {isa = PBXBuildFile; fileRef = 4AEE6B1B180E802E000C945A /* STHTTPRequest.m */; };
/* End PBXBuildFile section */

/* Begin PBXContainerItemProxy section */
		4AE36E6B18D2206F000A8084 /* PBXContainerItemProxy */ = {
			isa = PBXContainerItemProxy;
			containerPortal = 374D791E17D822CF00FAE80C /* Project object */;
			proxyType = 1;
			remoteGlobalIDString = 374D792517D822CF00FAE80C;
			remoteInfo = Tubuyagi;
		};
/* End PBXContainerItemProxy section */

/* Begin PBXFileReference section */
		3741853D17DFFF3300D68688 /* kamikuzu.png */ = {isa = PBXFileReference; lastKnownFileType = image.png; name = kamikuzu.png; path = YImages/kamikuzu.png; sourceTree = "<group>"; };
		3741853F17E02E7D00D68688 /* tarai.png */ = {isa = PBXFileReference; lastKnownFileType = image.png; name = tarai.png; path = YImages/tarai.png; sourceTree = "<group>"; };
		3741854417E03D7600D68688 /* tarai.wav */ = {isa = PBXFileReference; lastKnownFileType = audio.wav; name = tarai.wav; path = Audio/tarai.wav; sourceTree = "<group>"; };
		3741854617E0408C00D68688 /* AudioToolbox.framework */ = {isa = PBXFileReference; lastKnownFileType = wrapper.framework; name = AudioToolbox.framework; path = System/Library/Frameworks/AudioToolbox.framework; sourceTree = SDKROOT; };
		3741854817E0505D00D68688 /* startbutton.png */ = {isa = PBXFileReference; lastKnownFileType = image.png; path = startbutton.png; sourceTree = "<group>"; };
		3741854A17E07D0000D68688 /* paper.png */ = {isa = PBXFileReference; lastKnownFileType = image.png; path = paper.png; sourceTree = "<group>"; };
		3741855217E0A3E700D68688 /* background.png */ = {isa = PBXFileReference; lastKnownFileType = image.png; name = background.png; path = UIImage/background.png; sourceTree = "<group>"; };
		3741855317E0A3E700D68688 /* heart-big.png */ = {isa = PBXFileReference; lastKnownFileType = image.png; name = "heart-big.png"; path = "UIImage/heart-big.png"; sourceTree = "<group>"; };
		3741855417E0A3E700D68688 /* heart.png */ = {isa = PBXFileReference; lastKnownFileType = image.png; name = heart.png; path = UIImage/heart.png; sourceTree = "<group>"; };
		3741855517E0A3E700D68688 /* paper_2.jpg */ = {isa = PBXFileReference; lastKnownFileType = image.jpeg; name = paper_2.jpg; path = UIImage/paper_2.jpg; sourceTree = "<group>"; };
		3741855617E0A3E700D68688 /* saku.png */ = {isa = PBXFileReference; lastKnownFileType = image.png; name = saku.png; path = UIImage/saku.png; sourceTree = "<group>"; };
		3741855717E0A3E700D68688 /* status_bar.png */ = {isa = PBXFileReference; lastKnownFileType = image.png; name = status_bar.png; path = UIImage/status_bar.png; sourceTree = "<group>"; };
		3741855917E0A3E700D68688 /* えさ-down.png */ = {isa = PBXFileReference; lastKnownFileType = image.png; name = "えさ-down.png"; path = "UIImage/えさ-down.png"; sourceTree = "<group>"; };
		3741855A17E0A3E700D68688 /* えさ.png */ = {isa = PBXFileReference; lastKnownFileType = image.png; name = "えさ.png"; path = "UIImage/えさ.png"; sourceTree = "<group>"; };
		3741855B17E0A3E700D68688 /* おきに-down.png */ = {isa = PBXFileReference; lastKnownFileType = image.png; name = "おきに-down.png"; path = "UIImage/おきに-down.png"; sourceTree = "<group>"; };
		3741855C17E0A3E700D68688 /* おきに.png */ = {isa = PBXFileReference; lastKnownFileType = image.png; name = "おきに.png"; path = "UIImage/おきに.png"; sourceTree = "<group>"; };
		3741856817E0A6D100D68688 /* button-down.png */ = {isa = PBXFileReference; lastKnownFileType = image.png; name = "button-down.png"; path = "UIImage/button-down.png"; sourceTree = "<group>"; };
		3741856917E0A6D200D68688 /* button-up.png */ = {isa = PBXFileReference; lastKnownFileType = image.png; name = "button-up.png"; path = "UIImage/button-up.png"; sourceTree = "<group>"; };
		3741856C17E0AD6000D68688 /* preference.png */ = {isa = PBXFileReference; lastKnownFileType = image.png; name = preference.png; path = UIImage/preference.png; sourceTree = "<group>"; };
		3742D34817E15CB800C83680 /* back-down.png */ = {isa = PBXFileReference; lastKnownFileType = image.png; name = "back-down.png"; path = "UIImage/back-down.png"; sourceTree = "<group>"; };
		3742D34917E15CB900C83680 /* back.png */ = {isa = PBXFileReference; lastKnownFileType = image.png; name = back.png; path = UIImage/back.png; sourceTree = "<group>"; };
		3742D34C17E18B1900C83680 /* story.png */ = {isa = PBXFileReference; lastKnownFileType = image.png; name = story.png; path = UIImage/story.png; sourceTree = "<group>"; };
		3742D35017E1B07B00C83680 /* clock.png */ = {isa = PBXFileReference; lastKnownFileType = image.png; name = clock.png; path = UIImage/clock.png; sourceTree = "<group>"; };
		3742D35117E1B07B00C83680 /* crown.png */ = {isa = PBXFileReference; lastKnownFileType = image.png; name = crown.png; path = UIImage/crown.png; sourceTree = "<group>"; };
		3742D35217E1B07B00C83680 /* scroll.png */ = {isa = PBXFileReference; lastKnownFileType = image.png; name = scroll.png; path = UIImage/scroll.png; sourceTree = "<group>"; };
		3742D35617E1B69D00C83680 /* total-heart.png */ = {isa = PBXFileReference; lastKnownFileType = image.png; name = "total-heart.png"; path = "UIImage/total-heart.png"; sourceTree = "<group>"; };
		3742D35717E1B69D00C83680 /* vocant-heart.png */ = {isa = PBXFileReference; lastKnownFileType = image.png; name = "vocant-heart.png"; path = "UIImage/vocant-heart.png"; sourceTree = "<group>"; };
		3742D35B17E1CAD100C83680 /* setting.png */ = {isa = PBXFileReference; lastKnownFileType = image.png; name = setting.png; path = UIImage/setting.png; sourceTree = "<group>"; };
		3742D35E17E1D65F00C83680 /* config_background_new.png */ = {isa = PBXFileReference; lastKnownFileType = image.png; name = config_background_new.png; path = UIImage/config_background_new.png; sourceTree = "<group>"; };
		3742D36217E1D86500C83680 /* tutorial_new2.png */ = {isa = PBXFileReference; lastKnownFileType = image.png; name = tutorial_new2.png; path = UIImage/tutorial_new2.png; sourceTree = "<group>"; };
		3742D36417E1ECA400C83680 /* batu2.png */ = {isa = PBXFileReference; lastKnownFileType = image.png; name = batu2.png; path = UIImage/batu2.png; sourceTree = "<group>"; };
		374D792617D822CF00FAE80C /* Tubuyagi.app */ = {isa = PBXFileReference; explicitFileType = wrapper.application; includeInIndex = 0; path = Tubuyagi.app; sourceTree = BUILT_PRODUCTS_DIR; };
		374D792917D822D000FAE80C /* UIKit.framework */ = {isa = PBXFileReference; lastKnownFileType = wrapper.framework; name = UIKit.framework; path = System/Library/Frameworks/UIKit.framework; sourceTree = SDKROOT; };
		374D792B17D822D000FAE80C /* Foundation.framework */ = {isa = PBXFileReference; lastKnownFileType = wrapper.framework; name = Foundation.framework; path = System/Library/Frameworks/Foundation.framework; sourceTree = SDKROOT; };
		374D792D17D822D000FAE80C /* CoreGraphics.framework */ = {isa = PBXFileReference; lastKnownFileType = wrapper.framework; name = CoreGraphics.framework; path = System/Library/Frameworks/CoreGraphics.framework; sourceTree = SDKROOT; };
		374D793117D822D000FAE80C /* Tubuyagi-Info.plist */ = {isa = PBXFileReference; lastKnownFileType = text.plist.xml; path = "Tubuyagi-Info.plist"; sourceTree = "<group>"; };
		374D793317D822D000FAE80C /* en */ = {isa = PBXFileReference; lastKnownFileType = text.plist.strings; name = en; path = en.lproj/InfoPlist.strings; sourceTree = "<group>"; };
		374D793517D822D000FAE80C /* main.m */ = {isa = PBXFileReference; lastKnownFileType = sourcecode.c.objc; path = main.m; sourceTree = "<group>"; };
		374D793717D822D000FAE80C /* Tubuyagi-Prefix.pch */ = {isa = PBXFileReference; lastKnownFileType = sourcecode.c.h; path = "Tubuyagi-Prefix.pch"; sourceTree = "<group>"; };
		374D793817D822D000FAE80C /* AppDelegate.h */ = {isa = PBXFileReference; lastKnownFileType = sourcecode.c.h; path = AppDelegate.h; sourceTree = "<group>"; };
		374D793917D822D000FAE80C /* AppDelegate.m */ = {isa = PBXFileReference; lastKnownFileType = sourcecode.c.objc; path = AppDelegate.m; sourceTree = "<group>"; };
		374D793B17D822D000FAE80C /* Default.png */ = {isa = PBXFileReference; lastKnownFileType = image.png; path = Default.png; sourceTree = "<group>"; };
		374D793D17D822D000FAE80C /* Default@2x.png */ = {isa = PBXFileReference; lastKnownFileType = image.png; path = "Default@2x.png"; sourceTree = "<group>"; };
		374D793F17D822D000FAE80C /* Default-568h@2x.png */ = {isa = PBXFileReference; lastKnownFileType = image.png; path = "Default-568h@2x.png"; sourceTree = "<group>"; };
		374D794117D822D000FAE80C /* ViewController.h */ = {isa = PBXFileReference; lastKnownFileType = sourcecode.c.h; path = ViewController.h; sourceTree = "<group>"; };
		374D794217D822D000FAE80C /* ViewController.m */ = {isa = PBXFileReference; lastKnownFileType = sourcecode.c.objc; path = ViewController.m; sourceTree = "<group>"; };
		374D794517D822D000FAE80C /* en */ = {isa = PBXFileReference; lastKnownFileType = file.xib; name = en; path = en.lproj/ViewController.xib; sourceTree = "<group>"; };
		374D795B17D8291E00FAE80C /* gort.png */ = {isa = PBXFileReference; lastKnownFileType = image.png; path = gort.png; sourceTree = "<group>"; };
		374D795C17D8291E00FAE80C /* grassland.jpeg */ = {isa = PBXFileReference; lastKnownFileType = image.jpeg; path = grassland.jpeg; sourceTree = "<group>"; };
		374D795D17D8291E00FAE80C /* signBoard.png */ = {isa = PBXFileReference; lastKnownFileType = image.png; path = signBoard.png; sourceTree = "<group>"; };
		374D797017D8463800FAE80C /* FoodUIViewController.h */ = {isa = PBXFileReference; fileEncoding = 4; lastKnownFileType = sourcecode.c.h; path = FoodUIViewController.h; sourceTree = "<group>"; };
		374D797117D8463800FAE80C /* FoodUIViewController.m */ = {isa = PBXFileReference; fileEncoding = 4; lastKnownFileType = sourcecode.c.objc; path = FoodUIViewController.m; sourceTree = "<group>"; };
		374D797217D8463800FAE80C /* FoodUIViewController.xib */ = {isa = PBXFileReference; fileEncoding = 4; lastKnownFileType = file.xib; path = FoodUIViewController.xib; sourceTree = "<group>"; };
		374D797B17D8552B00FAE80C /* bubbleView.h */ = {isa = PBXFileReference; fileEncoding = 4; lastKnownFileType = sourcecode.c.h; path = bubbleView.h; sourceTree = "<group>"; };
		374D797C17D8552B00FAE80C /* bubbleView.m */ = {isa = PBXFileReference; fileEncoding = 4; lastKnownFileType = sourcecode.c.objc; path = bubbleView.m; sourceTree = "<group>"; };
		375137BD17D976150069A12C /* Accounts.framework */ = {isa = PBXFileReference; lastKnownFileType = wrapper.framework; name = Accounts.framework; path = System/Library/Frameworks/Accounts.framework; sourceTree = SDKROOT; };
		375137BF17D9761F0069A12C /* Social.framework */ = {isa = PBXFileReference; lastKnownFileType = wrapper.framework; name = Social.framework; path = System/Library/Frameworks/Social.framework; sourceTree = SDKROOT; };
		37778B0417DC6DFA004F51A5 /* Twitter.framework */ = {isa = PBXFileReference; lastKnownFileType = wrapper.framework; name = Twitter.framework; path = System/Library/Frameworks/Twitter.framework; sourceTree = SDKROOT; };
		37CAC1F717DDA6BB00854D4D /* DeleteWordTableViewController.h */ = {isa = PBXFileReference; fileEncoding = 4; lastKnownFileType = sourcecode.c.h; path = DeleteWordTableViewController.h; sourceTree = "<group>"; };
		37CAC1F817DDA6BB00854D4D /* DeleteWordTableViewController.m */ = {isa = PBXFileReference; fileEncoding = 4; lastKnownFileType = sourcecode.c.objc; path = DeleteWordTableViewController.m; sourceTree = "<group>"; };
		37CAC1F917DDA6BB00854D4D /* DeleteWordTableViewController.xib */ = {isa = PBXFileReference; fileEncoding = 4; lastKnownFileType = file.xib; path = DeleteWordTableViewController.xib; sourceTree = "<group>"; };
		37CAC1FC17DDB66B00854D4D /* arrow.png */ = {isa = PBXFileReference; lastKnownFileType = image.png; path = arrow.png; sourceTree = "<group>"; };
		37CAC1FE17DDB7F000854D4D /* HeaderView.h */ = {isa = PBXFileReference; fileEncoding = 4; lastKnownFileType = sourcecode.c.h; path = HeaderView.h; sourceTree = "<group>"; };
		37CAC1FF17DDB7F000854D4D /* HeaderView.m */ = {isa = PBXFileReference; fileEncoding = 4; lastKnownFileType = sourcecode.c.objc; path = HeaderView.m; sourceTree = "<group>"; };
		37CAC23817DED99800854D4D /* FavoriteViewController.h */ = {isa = PBXFileReference; fileEncoding = 4; lastKnownFileType = sourcecode.c.h; path = FavoriteViewController.h; sourceTree = "<group>"; };
		37CAC23917DED99800854D4D /* FavoriteViewController.m */ = {isa = PBXFileReference; fileEncoding = 4; lastKnownFileType = sourcecode.c.objc; path = FavoriteViewController.m; sourceTree = "<group>"; };
		37CAC23A17DED99900854D4D /* FavoriteViewController.xib */ = {isa = PBXFileReference; fileEncoding = 4; lastKnownFileType = file.xib; path = FavoriteViewController.xib; sourceTree = "<group>"; };
		37CAC24017DEDDE400854D4D /* yagiSample.png */ = {isa = PBXFileReference; lastKnownFileType = image.png; path = yagiSample.png; sourceTree = "<group>"; };
		37D0612317DB422300F94E30 /* YagiView.h */ = {isa = PBXFileReference; fileEncoding = 4; lastKnownFileType = sourcecode.c.h; path = YagiView.h; sourceTree = "<group>"; };
		37D0612417DB422300F94E30 /* YagiView.m */ = {isa = PBXFileReference; fileEncoding = 4; lastKnownFileType = sourcecode.c.objc; path = YagiView.m; sourceTree = "<group>"; };
		4A2C7EA618E87F0000B87C25 /* tree.png */ = {isa = PBXFileReference; lastKnownFileType = image.png; path = tree.png; sourceTree = "<group>"; };
		4A2C7EA818E8809C00B87C25 /* TreeView.h */ = {isa = PBXFileReference; fileEncoding = 4; lastKnownFileType = sourcecode.c.h; path = TreeView.h; sourceTree = "<group>"; };
		4A2C7EA918E8809C00B87C25 /* TreeView.m */ = {isa = PBXFileReference; fileEncoding = 4; lastKnownFileType = sourcecode.c.objc; path = TreeView.m; sourceTree = "<group>"; };
		4A2C7EAF18E8B4C300B87C25 /* CMPopTipView.h */ = {isa = PBXFileReference; fileEncoding = 4; lastKnownFileType = sourcecode.c.h; path = CMPopTipView.h; sourceTree = "<group>"; };
		4A2C7EB018E8B4C300B87C25 /* CMPopTipView.m */ = {isa = PBXFileReference; fileEncoding = 4; lastKnownFileType = sourcecode.c.objc; path = CMPopTipView.m; sourceTree = "<group>"; };
		4A2F2F6C17F1D28C0017E97A /* NSString+SHA.h */ = {isa = PBXFileReference; fileEncoding = 4; lastKnownFileType = sourcecode.c.h; name = "NSString+SHA.h"; path = "lib/NSString+SHA.h"; sourceTree = "<group>"; };
		4A2F2F6D17F1D28C0017E97A /* NSString+SHA.m */ = {isa = PBXFileReference; fileEncoding = 4; lastKnownFileType = sourcecode.c.objc; name = "NSString+SHA.m"; path = "lib/NSString+SHA.m"; sourceTree = "<group>"; };
		4A2F2F6F17F1D8C50017E97A /* TweetsManager.h */ = {isa = PBXFileReference; fileEncoding = 4; lastKnownFileType = sourcecode.c.h; path = TweetsManager.h; sourceTree = "<group>"; };
		4A2F2F7017F1D8C50017E97A /* TweetsManager.m */ = {isa = PBXFileReference; fileEncoding = 4; lastKnownFileType = sourcecode.c.objc; path = TweetsManager.m; sourceTree = "<group>"; };
		4A4564F917E1C04F00DA3013 /* paper.wav */ = {isa = PBXFileReference; lastKnownFileType = audio.wav; path = paper.wav; sourceTree = "<group>"; };
		4A45650117E1C3FA00DA3013 /* yagi.wav */ = {isa = PBXFileReference; lastKnownFileType = audio.wav; path = yagi.wav; sourceTree = "<group>"; };
		4A63EA9E17D890F400C93F86 /* libsqlite3.0.dylib */ = {isa = PBXFileReference; lastKnownFileType = "compiled.mach-o.dylib"; name = libsqlite3.0.dylib; path = usr/lib/libsqlite3.0.dylib; sourceTree = SDKROOT; };
		4A63EB9B17D9BD5300C93F86 /* MarkovTextGenerator.h */ = {isa = PBXFileReference; fileEncoding = 4; lastKnownFileType = sourcecode.c.h; name = MarkovTextGenerator.h; path = lib/MarkovTextGenerator.h; sourceTree = "<group>"; };
		4A63EB9C17D9BD5300C93F86 /* MarkovTextGenerator.m */ = {isa = PBXFileReference; fileEncoding = 4; lastKnownFileType = sourcecode.c.objc; lineEnding = 0; name = MarkovTextGenerator.m; path = lib/MarkovTextGenerator.m; sourceTree = "<group>"; xcLanguageSpecificationIdentifier = xcode.lang.objc; };
		4A8B067E17E042EF00B408BB /* Default@2x.png */ = {isa = PBXFileReference; lastKnownFileType = image.png; path = "Default@2x.png"; sourceTree = "<group>"; };
		4A8B068017E0438E00B408BB /* Default.png */ = {isa = PBXFileReference; lastKnownFileType = image.png; path = Default.png; sourceTree = "<group>"; };
		4A8B068217E0481D00B408BB /* icon.png */ = {isa = PBXFileReference; lastKnownFileType = image.png; path = icon.png; sourceTree = "<group>"; };
		4A8B068417E0484300B408BB /* icon-mini.png */ = {isa = PBXFileReference; lastKnownFileType = image.png; path = "icon-mini.png"; sourceTree = "<group>"; };
		4A9CBCF018D701FD00E32BD9 /* AuthentificationKeys.h */ = {isa = PBXFileReference; fileEncoding = 4; lastKnownFileType = sourcecode.c.h; path = AuthentificationKeys.h; sourceTree = "<group>"; };
		4A9CBCF318D70F6300E32BD9 /* STTwitterOSRequest.h */ = {isa = PBXFileReference; fileEncoding = 4; lastKnownFileType = sourcecode.c.h; name = STTwitterOSRequest.h; path = STTwitter/STTwitter/STTwitterOSRequest.h; sourceTree = "<group>"; };
		4A9CBCF418D70F6300E32BD9 /* STTwitterOSRequest.m */ = {isa = PBXFileReference; fileEncoding = 4; lastKnownFileType = sourcecode.c.objc; name = STTwitterOSRequest.m; path = STTwitter/STTwitter/STTwitterOSRequest.m; sourceTree = "<group>"; };
		4A9CBCF618D854F900E32BD9 /* AuthentificationKeys.m */ = {isa = PBXFileReference; fileEncoding = 4; lastKnownFileType = sourcecode.c.objc; path = AuthentificationKeys.m; sourceTree = "<group>"; };
		4AA1DEAE17E04EC80023B26E /* Default-568h@2x.png */ = {isa = PBXFileReference; lastKnownFileType = image.png; path = "Default-568h@2x.png"; sourceTree = "<group>"; };
		4AA7A6D0180EAAA500F0B13B /* real_a.png */ = {isa = PBXFileReference; lastKnownFileType = image.png; path = real_a.png; sourceTree = "<group>"; };
		4AA7A6D1180EAAA500F0B13B /* real_doutai.png */ = {isa = PBXFileReference; lastKnownFileType = image.png; path = real_doutai.png; sourceTree = "<group>"; };
		4AA7A6D2180EAAA500F0B13B /* real_hukigen.png */ = {isa = PBXFileReference; lastKnownFileType = image.png; path = real_hukigen.png; sourceTree = "<group>"; };
		4AA7A6D3180EAAA500F0B13B /* real_kao.png */ = {isa = PBXFileReference; lastKnownFileType = image.png; path = real_kao.png; sourceTree = "<group>"; };
		4AA7A6D4180EAAA500F0B13B /* real_maeashi.png */ = {isa = PBXFileReference; lastKnownFileType = image.png; path = real_maeashi.png; sourceTree = "<group>"; };
		4AA7A6D5180EAAA500F0B13B /* real_maeashi2.png */ = {isa = PBXFileReference; lastKnownFileType = image.png; path = real_maeashi2.png; sourceTree = "<group>"; };
		4AA7A6D6180EAAA500F0B13B /* real_mgmg.png */ = {isa = PBXFileReference; lastKnownFileType = image.png; path = real_mgmg.png; sourceTree = "<group>"; };
		4AA7A6D7180EAAA500F0B13B /* real_tarai.png */ = {isa = PBXFileReference; lastKnownFileType = image.png; path = real_tarai.png; sourceTree = "<group>"; };
		4AA7A6D8180EAAA500F0B13B /* real_ushiroashi.png */ = {isa = PBXFileReference; lastKnownFileType = image.png; path = real_ushiroashi.png; sourceTree = "<group>"; };
		4AA7A6D9180EAAA500F0B13B /* real_ushiroashi2.png */ = {isa = PBXFileReference; lastKnownFileType = image.png; path = real_ushiroashi2.png; sourceTree = "<group>"; };
		4AA7A6DA180EAAA500F0B13B /* real_yoko.png */ = {isa = PBXFileReference; lastKnownFileType = image.png; path = real_yoko.png; sourceTree = "<group>"; };
		4AA7A6E7180EAAAD00F0B13B /* normal_doutai.png */ = {isa = PBXFileReference; lastKnownFileType = image.png; path = normal_doutai.png; sourceTree = "<group>"; };
		4AA7A6E8180EAAAD00F0B13B /* normal_a.png */ = {isa = PBXFileReference; lastKnownFileType = image.png; path = normal_a.png; sourceTree = "<group>"; };
		4AA7A6E9180EAAAD00F0B13B /* normal_hukigen.png */ = {isa = PBXFileReference; lastKnownFileType = image.png; path = normal_hukigen.png; sourceTree = "<group>"; };
		4AA7A6EA180EAAAD00F0B13B /* normal_kao.png */ = {isa = PBXFileReference; lastKnownFileType = image.png; path = normal_kao.png; sourceTree = "<group>"; };
		4AA7A6EB180EAAAD00F0B13B /* normal_maeashi.png */ = {isa = PBXFileReference; lastKnownFileType = image.png; path = normal_maeashi.png; sourceTree = "<group>"; };
		4AA7A6EC180EAAAD00F0B13B /* normal_maeashi2.png */ = {isa = PBXFileReference; lastKnownFileType = image.png; path = normal_maeashi2.png; sourceTree = "<group>"; };
		4AA7A6ED180EAAAD00F0B13B /* normal_mgmg.png */ = {isa = PBXFileReference; lastKnownFileType = image.png; path = normal_mgmg.png; sourceTree = "<group>"; };
		4AA7A6EE180EAAAD00F0B13B /* normal_tarai.png */ = {isa = PBXFileReference; lastKnownFileType = image.png; path = normal_tarai.png; sourceTree = "<group>"; };
		4AA7A6EF180EAAAD00F0B13B /* normal_ushiroashi.png */ = {isa = PBXFileReference; lastKnownFileType = image.png; path = normal_ushiroashi.png; sourceTree = "<group>"; };
		4AA7A6F0180EAAAD00F0B13B /* normal_ushiroashi2.png */ = {isa = PBXFileReference; lastKnownFileType = image.png; path = normal_ushiroashi2.png; sourceTree = "<group>"; };
		4AA7A6F1180EAAAD00F0B13B /* normal_yoko.png */ = {isa = PBXFileReference; lastKnownFileType = image.png; path = normal_yoko.png; sourceTree = "<group>"; };
		4AB139D618DDDEA400921337 /* FMDatabase+Tubuyagi.h */ = {isa = PBXFileReference; fileEncoding = 4; lastKnownFileType = sourcecode.c.h; path = "FMDatabase+Tubuyagi.h"; sourceTree = "<group>"; };
		4AB139D718DDDEA400921337 /* FMDatabase+Tubuyagi.m */ = {isa = PBXFileReference; fileEncoding = 4; lastKnownFileType = sourcecode.c.objc; path = "FMDatabase+Tubuyagi.m"; sourceTree = "<group>"; };
		4AB139DA18DEC53600921337 /* FMDatabase.h */ = {isa = PBXFileReference; fileEncoding = 4; lastKnownFileType = sourcecode.c.h; path = FMDatabase.h; sourceTree = "<group>"; };
		4AB139DB18DEC53600921337 /* FMDatabase.m */ = {isa = PBXFileReference; fileEncoding = 4; lastKnownFileType = sourcecode.c.objc; path = FMDatabase.m; sourceTree = "<group>"; };
		4AB139DC18DEC53600921337 /* FMDatabaseAdditions.h */ = {isa = PBXFileReference; fileEncoding = 4; lastKnownFileType = sourcecode.c.h; path = FMDatabaseAdditions.h; sourceTree = "<group>"; };
		4AB139DD18DEC53600921337 /* FMDatabaseAdditions.m */ = {isa = PBXFileReference; fileEncoding = 4; lastKnownFileType = sourcecode.c.objc; path = FMDatabaseAdditions.m; sourceTree = "<group>"; };
		4AB139DE18DEC53600921337 /* FMDatabasePool.h */ = {isa = PBXFileReference; fileEncoding = 4; lastKnownFileType = sourcecode.c.h; path = FMDatabasePool.h; sourceTree = "<group>"; };
		4AB139DF18DEC53600921337 /* FMDatabasePool.m */ = {isa = PBXFileReference; fileEncoding = 4; lastKnownFileType = sourcecode.c.objc; path = FMDatabasePool.m; sourceTree = "<group>"; };
		4AB139E018DEC53600921337 /* FMDatabaseQueue.h */ = {isa = PBXFileReference; fileEncoding = 4; lastKnownFileType = sourcecode.c.h; path = FMDatabaseQueue.h; sourceTree = "<group>"; };
		4AB139E118DEC53600921337 /* FMDatabaseQueue.m */ = {isa = PBXFileReference; fileEncoding = 4; lastKnownFileType = sourcecode.c.objc; path = FMDatabaseQueue.m; sourceTree = "<group>"; };
		4AB139E218DEC53600921337 /* FMDB.h */ = {isa = PBXFileReference; fileEncoding = 4; lastKnownFileType = sourcecode.c.h; path = FMDB.h; sourceTree = "<group>"; };
		4AB139E318DEC53600921337 /* FMResultSet.h */ = {isa = PBXFileReference; fileEncoding = 4; lastKnownFileType = sourcecode.c.h; path = FMResultSet.h; sourceTree = "<group>"; };
		4AB139E418DEC53600921337 /* FMResultSet.m */ = {isa = PBXFileReference; fileEncoding = 4; lastKnownFileType = sourcecode.c.objc; path = FMResultSet.m; sourceTree = "<group>"; };
		4AB139EB18E4188800921337 /* NSDate+TimeAgo.h */ = {isa = PBXFileReference; fileEncoding = 4; lastKnownFileType = sourcecode.c.h; name = "NSDate+TimeAgo.h"; path = "NSDate-TimeAgo/NSDate+TimeAgo.h"; sourceTree = "<group>"; };
		4AB139EC18E4188800921337 /* NSDate+TimeAgo.m */ = {isa = PBXFileReference; fileEncoding = 4; lastKnownFileType = sourcecode.c.objc; name = "NSDate+TimeAgo.m"; path = "NSDate-TimeAgo/NSDate+TimeAgo.m"; sourceTree = "<group>"; };
		4ABA5EC417E27DED0041FB3C /* tutorial.png */ = {isa = PBXFileReference; lastKnownFileType = image.png; path = tutorial.png; sourceTree = "<group>"; };
		4ABA5EC617E27E740041FB3C /* tutorial_new3.png */ = {isa = PBXFileReference; lastKnownFileType = image.png; path = tutorial_new3.png; sourceTree = "<group>"; };
		4AE36E5D18D2206F000A8084 /* Tubuyagi Tests.xctest */ = {isa = PBXFileReference; explicitFileType = wrapper.cfbundle; includeInIndex = 0; path = "Tubuyagi Tests.xctest"; sourceTree = BUILT_PRODUCTS_DIR; };
		4AE36E5E18D2206F000A8084 /* XCTest.framework */ = {isa = PBXFileReference; lastKnownFileType = wrapper.framework; name = XCTest.framework; path = Library/Frameworks/XCTest.framework; sourceTree = DEVELOPER_DIR; };
		4AE36E6418D2206F000A8084 /* Tubuyagi Tests-Info.plist */ = {isa = PBXFileReference; lastKnownFileType = text.plist.xml; path = "Tubuyagi Tests-Info.plist"; sourceTree = "<group>"; };
		4AE36E6618D2206F000A8084 /* en */ = {isa = PBXFileReference; lastKnownFileType = text.plist.strings; name = en; path = en.lproj/InfoPlist.strings; sourceTree = "<group>"; };
		4AE36E6818D2206F000A8084 /* Tubuyagi_Tests.m */ = {isa = PBXFileReference; lastKnownFileType = sourcecode.c.objc; path = Tubuyagi_Tests.m; sourceTree = "<group>"; };
		4AE36E6A18D2206F000A8084 /* Tubuyagi Tests-Prefix.pch */ = {isa = PBXFileReference; lastKnownFileType = sourcecode.c.h; path = "Tubuyagi Tests-Prefix.pch"; sourceTree = "<group>"; };
		4AE36E7018D22202000A8084 /* TweetsManagerTests.m */ = {isa = PBXFileReference; fileEncoding = 4; lastKnownFileType = sourcecode.c.objc; path = TweetsManagerTests.m; sourceTree = "<group>"; };
		4AEC6F4818E5666000A7BC83 /* ActivityCustomViewCell.h */ = {isa = PBXFileReference; fileEncoding = 4; lastKnownFileType = sourcecode.c.h; path = ActivityCustomViewCell.h; sourceTree = "<group>"; };
		4AEC6F4918E5666000A7BC83 /* ActivityCustomViewCell.m */ = {isa = PBXFileReference; fileEncoding = 4; lastKnownFileType = sourcecode.c.objc; path = ActivityCustomViewCell.m; sourceTree = "<group>"; };
		4AEC6F4B18E5DFE700A7BC83 /* bell.png */ = {isa = PBXFileReference; lastKnownFileType = image.png; path = bell.png; sourceTree = "<group>"; };
		4AEC6F4D18E87B2A00A7BC83 /* FavoriteCustomViewCell.h */ = {isa = PBXFileReference; fileEncoding = 4; lastKnownFileType = sourcecode.c.h; path = FavoriteCustomViewCell.h; sourceTree = "<group>"; };
		4AEC6F4E18E87B2A00A7BC83 /* FavoriteCustomViewCell.m */ = {isa = PBXFileReference; fileEncoding = 4; lastKnownFileType = sourcecode.c.objc; path = FavoriteCustomViewCell.m; sourceTree = "<group>"; };
		4AEE6AFE180E800D000C945A /* NSString+STTwitter.h */ = {isa = PBXFileReference; fileEncoding = 4; lastKnownFileType = sourcecode.c.h; name = "NSString+STTwitter.h"; path = "STTwitter/STTwitter/NSString+STTwitter.h"; sourceTree = "<group>"; };
		4AEE6AFF180E800D000C945A /* NSString+STTwitter.m */ = {isa = PBXFileReference; fileEncoding = 4; lastKnownFileType = sourcecode.c.objc; name = "NSString+STTwitter.m"; path = "STTwitter/STTwitter/NSString+STTwitter.m"; sourceTree = "<group>"; };
		4AEE6B00180E800D000C945A /* STHTTPRequest+STTwitter.h */ = {isa = PBXFileReference; fileEncoding = 4; lastKnownFileType = sourcecode.c.h; name = "STHTTPRequest+STTwitter.h"; path = "STTwitter/STTwitter/STHTTPRequest+STTwitter.h"; sourceTree = "<group>"; };
		4AEE6B01180E800D000C945A /* STHTTPRequest+STTwitter.m */ = {isa = PBXFileReference; fileEncoding = 4; lastKnownFileType = sourcecode.c.objc; name = "STHTTPRequest+STTwitter.m"; path = "STTwitter/STTwitter/STHTTPRequest+STTwitter.m"; sourceTree = "<group>"; };
		4AEE6B02180E800D000C945A /* STTwitter.h */ = {isa = PBXFileReference; fileEncoding = 4; lastKnownFileType = sourcecode.c.h; name = STTwitter.h; path = STTwitter/STTwitter/STTwitter.h; sourceTree = "<group>"; };
		4AEE6B03180E800D000C945A /* STTwitterAPI.h */ = {isa = PBXFileReference; fileEncoding = 4; lastKnownFileType = sourcecode.c.h; name = STTwitterAPI.h; path = STTwitter/STTwitter/STTwitterAPI.h; sourceTree = "<group>"; };
		4AEE6B04180E800D000C945A /* STTwitterAPI.m */ = {isa = PBXFileReference; fileEncoding = 4; lastKnownFileType = sourcecode.c.objc; name = STTwitterAPI.m; path = STTwitter/STTwitter/STTwitterAPI.m; sourceTree = "<group>"; };
		4AEE6B05180E800D000C945A /* STTwitterAppOnly.h */ = {isa = PBXFileReference; fileEncoding = 4; lastKnownFileType = sourcecode.c.h; name = STTwitterAppOnly.h; path = STTwitter/STTwitter/STTwitterAppOnly.h; sourceTree = "<group>"; };
		4AEE6B06180E800D000C945A /* STTwitterAppOnly.m */ = {isa = PBXFileReference; fileEncoding = 4; lastKnownFileType = sourcecode.c.objc; name = STTwitterAppOnly.m; path = STTwitter/STTwitter/STTwitterAppOnly.m; sourceTree = "<group>"; };
		4AEE6B07180E800D000C945A /* STTwitterHTML.h */ = {isa = PBXFileReference; fileEncoding = 4; lastKnownFileType = sourcecode.c.h; name = STTwitterHTML.h; path = STTwitter/STTwitter/STTwitterHTML.h; sourceTree = "<group>"; };
		4AEE6B08180E800D000C945A /* STTwitterHTML.m */ = {isa = PBXFileReference; fileEncoding = 4; lastKnownFileType = sourcecode.c.objc; name = STTwitterHTML.m; path = STTwitter/STTwitter/STTwitterHTML.m; sourceTree = "<group>"; };
		4AEE6B09180E800D000C945A /* STTwitterOAuth.h */ = {isa = PBXFileReference; fileEncoding = 4; lastKnownFileType = sourcecode.c.h; name = STTwitterOAuth.h; path = STTwitter/STTwitter/STTwitterOAuth.h; sourceTree = "<group>"; };
		4AEE6B0A180E800D000C945A /* STTwitterOAuth.m */ = {isa = PBXFileReference; fileEncoding = 4; lastKnownFileType = sourcecode.c.objc; name = STTwitterOAuth.m; path = STTwitter/STTwitter/STTwitterOAuth.m; sourceTree = "<group>"; };
		4AEE6B0B180E800D000C945A /* STTwitterOS.h */ = {isa = PBXFileReference; fileEncoding = 4; lastKnownFileType = sourcecode.c.h; name = STTwitterOS.h; path = STTwitter/STTwitter/STTwitterOS.h; sourceTree = "<group>"; };
		4AEE6B0C180E800D000C945A /* STTwitterOS.m */ = {isa = PBXFileReference; fileEncoding = 4; lastKnownFileType = sourcecode.c.objc; name = STTwitterOS.m; path = STTwitter/STTwitter/STTwitterOS.m; sourceTree = "<group>"; };
		4AEE6B0D180E800D000C945A /* STTwitterProtocol.h */ = {isa = PBXFileReference; fileEncoding = 4; lastKnownFileType = sourcecode.c.h; name = STTwitterProtocol.h; path = STTwitter/STTwitter/STTwitterProtocol.h; sourceTree = "<group>"; };
		4AEE6B16180E802E000C945A /* BAVPlistNode.h */ = {isa = PBXFileReference; fileEncoding = 4; lastKnownFileType = sourcecode.c.h; path = BAVPlistNode.h; sourceTree = "<group>"; };
		4AEE6B17180E802E000C945A /* BAVPlistNode.m */ = {isa = PBXFileReference; fileEncoding = 4; lastKnownFileType = sourcecode.c.objc; path = BAVPlistNode.m; sourceTree = "<group>"; };
		4AEE6B18180E802E000C945A /* JSONSyntaxHighlight.h */ = {isa = PBXFileReference; fileEncoding = 4; lastKnownFileType = sourcecode.c.h; path = JSONSyntaxHighlight.h; sourceTree = "<group>"; };
		4AEE6B19180E802E000C945A /* JSONSyntaxHighlight.m */ = {isa = PBXFileReference; fileEncoding = 4; lastKnownFileType = sourcecode.c.objc; path = JSONSyntaxHighlight.m; sourceTree = "<group>"; };
		4AEE6B1A180E802E000C945A /* STHTTPRequest.h */ = {isa = PBXFileReference; fileEncoding = 4; lastKnownFileType = sourcecode.c.h; path = STHTTPRequest.h; sourceTree = "<group>"; };
		4AEE6B1B180E802E000C945A /* STHTTPRequest.m */ = {isa = PBXFileReference; fileEncoding = 4; lastKnownFileType = sourcecode.c.objc; path = STHTTPRequest.m; sourceTree = "<group>"; };
/* End PBXFileReference section */

/* Begin PBXFrameworksBuildPhase section */
		374D792317D822CF00FAE80C /* Frameworks */ = {
			isa = PBXFrameworksBuildPhase;
			buildActionMask = 2147483647;
			files = (
				3741854717E0408C00D68688 /* AudioToolbox.framework in Frameworks */,
				37778B0517DC6DFA004F51A5 /* Twitter.framework in Frameworks */,
				4A63EA9F17D890F400C93F86 /* libsqlite3.0.dylib in Frameworks */,
				375137C017D9761F0069A12C /* Social.framework in Frameworks */,
				375137BE17D976150069A12C /* Accounts.framework in Frameworks */,
				374D792A17D822D000FAE80C /* UIKit.framework in Frameworks */,
				374D792C17D822D000FAE80C /* Foundation.framework in Frameworks */,
				374D792E17D822D000FAE80C /* CoreGraphics.framework in Frameworks */,
			);
			runOnlyForDeploymentPostprocessing = 0;
		};
		4AE36E5A18D2206F000A8084 /* Frameworks */ = {
			isa = PBXFrameworksBuildPhase;
			buildActionMask = 2147483647;
			files = (
				4AE36E5F18D2206F000A8084 /* XCTest.framework in Frameworks */,
				4AE36E6118D2206F000A8084 /* UIKit.framework in Frameworks */,
				4AE36E6018D2206F000A8084 /* Foundation.framework in Frameworks */,
			);
			runOnlyForDeploymentPostprocessing = 0;
		};
/* End PBXFrameworksBuildPhase section */

/* Begin PBXGroup section */
		3741854317E03D5D00D68688 /* Audio */ = {
			isa = PBXGroup;
			children = (
				4A45650117E1C3FA00DA3013 /* yagi.wav */,
				4A4564F917E1C04F00DA3013 /* paper.wav */,
				3741854417E03D7600D68688 /* tarai.wav */,
			);
			name = Audio;
			sourceTree = "<group>";
		};
		3741855117E0A3C900D68688 /* UIImage(~2013.9.11) */ = {
			isa = PBXGroup;
			children = (
				4ABA5EC617E27E740041FB3C /* tutorial_new3.png */,
				4ABA5EC417E27DED0041FB3C /* tutorial.png */,
				3742D36417E1ECA400C83680 /* batu2.png */,
				3742D36217E1D86500C83680 /* tutorial_new2.png */,
				3742D35E17E1D65F00C83680 /* config_background_new.png */,
				3742D35B17E1CAD100C83680 /* setting.png */,
				3742D35617E1B69D00C83680 /* total-heart.png */,
				3742D35717E1B69D00C83680 /* vocant-heart.png */,
				3742D35017E1B07B00C83680 /* clock.png */,
				3742D35117E1B07B00C83680 /* crown.png */,
				3742D35217E1B07B00C83680 /* scroll.png */,
				3742D34C17E18B1900C83680 /* story.png */,
				4AEC6F4B18E5DFE700A7BC83 /* bell.png */,
				3742D34817E15CB800C83680 /* back-down.png */,
				3742D34917E15CB900C83680 /* back.png */,
				3741856C17E0AD6000D68688 /* preference.png */,
				3741856817E0A6D100D68688 /* button-down.png */,
				3741856917E0A6D200D68688 /* button-up.png */,
				3741855217E0A3E700D68688 /* background.png */,
				3741855317E0A3E700D68688 /* heart-big.png */,
				3741855417E0A3E700D68688 /* heart.png */,
				3741855517E0A3E700D68688 /* paper_2.jpg */,
				3741855617E0A3E700D68688 /* saku.png */,
				3741855717E0A3E700D68688 /* status_bar.png */,
				3741855917E0A3E700D68688 /* えさ-down.png */,
				3741855A17E0A3E700D68688 /* えさ.png */,
				3741855B17E0A3E700D68688 /* おきに-down.png */,
				3741855C17E0A3E700D68688 /* おきに.png */,
			);
			name = "UIImage(~2013.9.11)";
			sourceTree = "<group>";
		};
		374D791D17D822CF00FAE80C = {
			isa = PBXGroup;
			children = (
				4AA1DEAE17E04EC80023B26E /* Default-568h@2x.png */,
				4A8B068417E0484300B408BB /* icon-mini.png */,
				4A8B068217E0481D00B408BB /* icon.png */,
				4A8B068017E0438E00B408BB /* Default.png */,
				4A8B067E17E042EF00B408BB /* Default@2x.png */,
				4A63EA9E17D890F400C93F86 /* libsqlite3.0.dylib */,
				374D792F17D822D000FAE80C /* Tubuyagi */,
				4AE36E6218D2206F000A8084 /* Tubuyagi Tests */,
				374D792817D822CF00FAE80C /* Frameworks */,
				374D792717D822CF00FAE80C /* Products */,
			);
			sourceTree = "<group>";
		};
		374D792717D822CF00FAE80C /* Products */ = {
			isa = PBXGroup;
			children = (
				374D792617D822CF00FAE80C /* Tubuyagi.app */,
				4AE36E5D18D2206F000A8084 /* Tubuyagi Tests.xctest */,
			);
			name = Products;
			sourceTree = "<group>";
		};
		374D792817D822CF00FAE80C /* Frameworks */ = {
			isa = PBXGroup;
			children = (
				3741854617E0408C00D68688 /* AudioToolbox.framework */,
				37778B0417DC6DFA004F51A5 /* Twitter.framework */,
				375137BF17D9761F0069A12C /* Social.framework */,
				375137BD17D976150069A12C /* Accounts.framework */,
				374D792917D822D000FAE80C /* UIKit.framework */,
				374D792B17D822D000FAE80C /* Foundation.framework */,
				374D792D17D822D000FAE80C /* CoreGraphics.framework */,
				4AE36E5E18D2206F000A8084 /* XCTest.framework */,
			);
			name = Frameworks;
			sourceTree = "<group>";
		};
		374D792F17D822D000FAE80C /* Tubuyagi */ = {
			isa = PBXGroup;
			children = (
				4AE36E5418D1CD24000A8084 /* Helper */,
				3741854317E03D5D00D68688 /* Audio */,
				4A63EAA017D96F2D00C93F86 /* lib */,
				374D797A17D8551500FAE80C /* ViewController */,
				374D797917D8550600FAE80C /* ViewComponents */,
				374D795A17D8291E00FAE80C /* Images */,
				374D793817D822D000FAE80C /* AppDelegate.h */,
				374D793917D822D000FAE80C /* AppDelegate.m */,
				374D793017D822D000FAE80C /* Supporting Files */,
			);
			path = Tubuyagi;
			sourceTree = "<group>";
		};
		374D793017D822D000FAE80C /* Supporting Files */ = {
			isa = PBXGroup;
			children = (
				374D793117D822D000FAE80C /* Tubuyagi-Info.plist */,
				374D793217D822D000FAE80C /* InfoPlist.strings */,
				374D793517D822D000FAE80C /* main.m */,
				374D793717D822D000FAE80C /* Tubuyagi-Prefix.pch */,
				374D793B17D822D000FAE80C /* Default.png */,
				374D793D17D822D000FAE80C /* Default@2x.png */,
				374D793F17D822D000FAE80C /* Default-568h@2x.png */,
			);
			name = "Supporting Files";
			sourceTree = "<group>";
		};
		374D795A17D8291E00FAE80C /* Images */ = {
			isa = PBXGroup;
			children = (
				4AA7A6E6180EAAAD00F0B13B /* normal_yagi */,
				4AA7A6CF180EAAA500F0B13B /* real_yagi */,
				3741855117E0A3C900D68688 /* UIImage(~2013.9.11) */,
				3741854A17E07D0000D68688 /* paper.png */,
				3741854817E0505D00D68688 /* startbutton.png */,
				3741853F17E02E7D00D68688 /* tarai.png */,
				3741853D17DFFF3300D68688 /* kamikuzu.png */,
				4A2C7EA618E87F0000B87C25 /* tree.png */,
				37CAC24017DEDDE400854D4D /* yagiSample.png */,
				37CAC1FC17DDB66B00854D4D /* arrow.png */,
				374D795B17D8291E00FAE80C /* gort.png */,
				374D795C17D8291E00FAE80C /* grassland.jpeg */,
				374D795D17D8291E00FAE80C /* signBoard.png */,
			);
			path = Images;
			sourceTree = "<group>";
		};
		374D797917D8550600FAE80C /* ViewComponents */ = {
			isa = PBXGroup;
			children = (
				37CAC1FE17DDB7F000854D4D /* HeaderView.h */,
				37D0612317DB422300F94E30 /* YagiView.h */,
				37D0612417DB422300F94E30 /* YagiView.m */,
				4A2C7EA818E8809C00B87C25 /* TreeView.h */,
				4A2C7EA918E8809C00B87C25 /* TreeView.m */,
				37CAC1FF17DDB7F000854D4D /* HeaderView.m */,
				4AEC6F4818E5666000A7BC83 /* ActivityCustomViewCell.h */,
				4AEC6F4918E5666000A7BC83 /* ActivityCustomViewCell.m */,
				4AEC6F4D18E87B2A00A7BC83 /* FavoriteCustomViewCell.h */,
				4AEC6F4E18E87B2A00A7BC83 /* FavoriteCustomViewCell.m */,
				374D797B17D8552B00FAE80C /* bubbleView.h */,
				374D797C17D8552B00FAE80C /* bubbleView.m */,
			);
			name = ViewComponents;
			sourceTree = "<group>";
		};
		374D797A17D8551500FAE80C /* ViewController */ = {
			isa = PBXGroup;
			children = (
				374D794117D822D000FAE80C /* ViewController.h */,
				374D794217D822D000FAE80C /* ViewController.m */,
				374D794417D822D000FAE80C /* ViewController.xib */,
				374D797017D8463800FAE80C /* FoodUIViewController.h */,
				374D797117D8463800FAE80C /* FoodUIViewController.m */,
				374D797217D8463800FAE80C /* FoodUIViewController.xib */,
				37CAC1F717DDA6BB00854D4D /* DeleteWordTableViewController.h */,
				37CAC1F817DDA6BB00854D4D /* DeleteWordTableViewController.m */,
				37CAC1F917DDA6BB00854D4D /* DeleteWordTableViewController.xib */,
				37CAC23817DED99800854D4D /* FavoriteViewController.h */,
				37CAC23917DED99800854D4D /* FavoriteViewController.m */,
				37CAC23A17DED99900854D4D /* FavoriteViewController.xib */,
			);
			name = ViewController;
			sourceTree = "<group>";
		};
		37778AE917DC6D92004F51A5 /* STTwitter */ = {
			isa = PBXGroup;
			children = (
				4AEE6B15180E802E000C945A /* Vendor */,
				4AEE6AFE180E800D000C945A /* NSString+STTwitter.h */,
				4AEE6AFF180E800D000C945A /* NSString+STTwitter.m */,
				4A9CBCF318D70F6300E32BD9 /* STTwitterOSRequest.h */,
				4A9CBCF418D70F6300E32BD9 /* STTwitterOSRequest.m */,
				4AEE6B00180E800D000C945A /* STHTTPRequest+STTwitter.h */,
				4AEE6B01180E800D000C945A /* STHTTPRequest+STTwitter.m */,
				4AEE6B02180E800D000C945A /* STTwitter.h */,
				4AEE6B03180E800D000C945A /* STTwitterAPI.h */,
				4AEE6B04180E800D000C945A /* STTwitterAPI.m */,
				4AEE6B05180E800D000C945A /* STTwitterAppOnly.h */,
				4AEE6B06180E800D000C945A /* STTwitterAppOnly.m */,
				4AEE6B07180E800D000C945A /* STTwitterHTML.h */,
				4AEE6B08180E800D000C945A /* STTwitterHTML.m */,
				4AEE6B09180E800D000C945A /* STTwitterOAuth.h */,
				4AEE6B0A180E800D000C945A /* STTwitterOAuth.m */,
				4AEE6B0B180E800D000C945A /* STTwitterOS.h */,
				4AEE6B0C180E800D000C945A /* STTwitterOS.m */,
				4AEE6B0D180E800D000C945A /* STTwitterProtocol.h */,
			);
			name = STTwitter;
			sourceTree = "<group>";
		};
		4A2C7EAE18E8B4C300B87C25 /* CMPopTipView */ = {
			isa = PBXGroup;
			children = (
				4A2C7EAF18E8B4C300B87C25 /* CMPopTipView.h */,
				4A2C7EB018E8B4C300B87C25 /* CMPopTipView.m */,
			);
			name = CMPopTipView;
			path = CMPopTipView/CMPopTipView;
			sourceTree = "<group>";
		};
		4A63EAA017D96F2D00C93F86 /* lib */ = {
			isa = PBXGroup;
			children = (
				4A2C7EAE18E8B4C300B87C25 /* CMPopTipView */,
				4AB139EA18E4187400921337 /* NSDate+TimeAgo */,
				4AB139D918DEC53600921337 /* fmdb */,
				37778AE917DC6D92004F51A5 /* STTwitter */,
			);
			name = lib;
			sourceTree = "<group>";
		};
		4AA7A6CF180EAAA500F0B13B /* real_yagi */ = {
			isa = PBXGroup;
			children = (
				4AA7A6D0180EAAA500F0B13B /* real_a.png */,
				4AA7A6D1180EAAA500F0B13B /* real_doutai.png */,
				4AA7A6D2180EAAA500F0B13B /* real_hukigen.png */,
				4AA7A6D3180EAAA500F0B13B /* real_kao.png */,
				4AA7A6D4180EAAA500F0B13B /* real_maeashi.png */,
				4AA7A6D5180EAAA500F0B13B /* real_maeashi2.png */,
				4AA7A6D6180EAAA500F0B13B /* real_mgmg.png */,
				4AA7A6D7180EAAA500F0B13B /* real_tarai.png */,
				4AA7A6D8180EAAA500F0B13B /* real_ushiroashi.png */,
				4AA7A6D9180EAAA500F0B13B /* real_ushiroashi2.png */,
				4AA7A6DA180EAAA500F0B13B /* real_yoko.png */,
			);
			name = real_yagi;
			path = YImages/real_yagi;
			sourceTree = "<group>";
		};
		4AA7A6E6180EAAAD00F0B13B /* normal_yagi */ = {
			isa = PBXGroup;
			children = (
				4AA7A6E7180EAAAD00F0B13B /* normal_doutai.png */,
				4AA7A6E8180EAAAD00F0B13B /* normal_a.png */,
				4AA7A6E9180EAAAD00F0B13B /* normal_hukigen.png */,
				4AA7A6EA180EAAAD00F0B13B /* normal_kao.png */,
				4AA7A6EB180EAAAD00F0B13B /* normal_maeashi.png */,
				4AA7A6EC180EAAAD00F0B13B /* normal_maeashi2.png */,
				4AA7A6ED180EAAAD00F0B13B /* normal_mgmg.png */,
				4AA7A6EE180EAAAD00F0B13B /* normal_tarai.png */,
				4AA7A6EF180EAAAD00F0B13B /* normal_ushiroashi.png */,
				4AA7A6F0180EAAAD00F0B13B /* normal_ushiroashi2.png */,
				4AA7A6F1180EAAAD00F0B13B /* normal_yoko.png */,
			);
			name = normal_yagi;
			path = YImages/normal_yagi;
			sourceTree = "<group>";
		};
		4AB139D918DEC53600921337 /* fmdb */ = {
			isa = PBXGroup;
			children = (
				4AB139DA18DEC53600921337 /* FMDatabase.h */,
				4AB139DB18DEC53600921337 /* FMDatabase.m */,
				4AB139DC18DEC53600921337 /* FMDatabaseAdditions.h */,
				4AB139DD18DEC53600921337 /* FMDatabaseAdditions.m */,
				4AB139DE18DEC53600921337 /* FMDatabasePool.h */,
				4AB139DF18DEC53600921337 /* FMDatabasePool.m */,
				4AB139E018DEC53600921337 /* FMDatabaseQueue.h */,
				4AB139E118DEC53600921337 /* FMDatabaseQueue.m */,
				4AB139E218DEC53600921337 /* FMDB.h */,
				4AB139E318DEC53600921337 /* FMResultSet.h */,
				4AB139E418DEC53600921337 /* FMResultSet.m */,
			);
			name = fmdb;
			path = fmdb/src/fmdb;
			sourceTree = "<group>";
		};
		4AB139EA18E4187400921337 /* NSDate+TimeAgo */ = {
			isa = PBXGroup;
			children = (
				4AB139EB18E4188800921337 /* NSDate+TimeAgo.h */,
				4AB139EC18E4188800921337 /* NSDate+TimeAgo.m */,
			);
			name = "NSDate+TimeAgo";
			sourceTree = "<group>";
		};
		4AE36E5418D1CD24000A8084 /* Helper */ = {
			isa = PBXGroup;
			children = (
				4A2F2F6F17F1D8C50017E97A /* TweetsManager.h */,
				4A2F2F7017F1D8C50017E97A /* TweetsManager.m */,
				4A2F2F6C17F1D28C0017E97A /* NSString+SHA.h */,
				4A2F2F6D17F1D28C0017E97A /* NSString+SHA.m */,
				4AB139D618DDDEA400921337 /* FMDatabase+Tubuyagi.h */,
				4AB139D718DDDEA400921337 /* FMDatabase+Tubuyagi.m */,
				4A9CBCF618D854F900E32BD9 /* AuthentificationKeys.m */,
				4A9CBCF018D701FD00E32BD9 /* AuthentificationKeys.h */,
				4A63EB9B17D9BD5300C93F86 /* MarkovTextGenerator.h */,
				4A63EB9C17D9BD5300C93F86 /* MarkovTextGenerator.m */,
			);
			name = Helper;
			sourceTree = "<group>";
		};
		4AE36E6218D2206F000A8084 /* Tubuyagi Tests */ = {
			isa = PBXGroup;
			children = (
				4AE36E6818D2206F000A8084 /* Tubuyagi_Tests.m */,
				4AE36E6318D2206F000A8084 /* Supporting Files */,
			);
			path = "Tubuyagi Tests";
			sourceTree = "<group>";
		};
		4AE36E6318D2206F000A8084 /* Supporting Files */ = {
			isa = PBXGroup;
			children = (
				4AE36E6418D2206F000A8084 /* Tubuyagi Tests-Info.plist */,
				4AE36E6518D2206F000A8084 /* InfoPlist.strings */,
				4AE36E6A18D2206F000A8084 /* Tubuyagi Tests-Prefix.pch */,
				4AE36E7018D22202000A8084 /* TweetsManagerTests.m */,
			);
			name = "Supporting Files";
			sourceTree = "<group>";
		};
		4AEE6B15180E802E000C945A /* Vendor */ = {
			isa = PBXGroup;
			children = (
				4AEE6B16180E802E000C945A /* BAVPlistNode.h */,
				4AEE6B17180E802E000C945A /* BAVPlistNode.m */,
				4AEE6B18180E802E000C945A /* JSONSyntaxHighlight.h */,
				4AEE6B19180E802E000C945A /* JSONSyntaxHighlight.m */,
				4AEE6B1A180E802E000C945A /* STHTTPRequest.h */,
				4AEE6B1B180E802E000C945A /* STHTTPRequest.m */,
			);
			name = Vendor;
			path = STTwitter/STTwitter/Vendor;
			sourceTree = "<group>";
		};
/* End PBXGroup section */

/* Begin PBXNativeTarget section */
		374D792517D822CF00FAE80C /* Tubuyagi */ = {
			isa = PBXNativeTarget;
			buildConfigurationList = 374D794917D822D000FAE80C /* Build configuration list for PBXNativeTarget "Tubuyagi" */;
			buildPhases = (
				374D792217D822CF00FAE80C /* Sources */,
				374D792317D822CF00FAE80C /* Frameworks */,
				374D792417D822CF00FAE80C /* Resources */,
			);
			buildRules = (
			);
			dependencies = (
			);
			name = Tubuyagi;
			productName = Tubuyagi;
			productReference = 374D792617D822CF00FAE80C /* Tubuyagi.app */;
			productType = "com.apple.product-type.application";
		};
		4AE36E5C18D2206F000A8084 /* Tubuyagi Tests */ = {
			isa = PBXNativeTarget;
			buildConfigurationList = 4AE36E6F18D22070000A8084 /* Build configuration list for PBXNativeTarget "Tubuyagi Tests" */;
			buildPhases = (
				4AE36E5918D2206F000A8084 /* Sources */,
				4AE36E5A18D2206F000A8084 /* Frameworks */,
				4AE36E5B18D2206F000A8084 /* Resources */,
			);
			buildRules = (
			);
			dependencies = (
				4AE36E6C18D2206F000A8084 /* PBXTargetDependency */,
			);
			name = "Tubuyagi Tests";
			productName = "Tubuyagi Tests";
			productReference = 4AE36E5D18D2206F000A8084 /* Tubuyagi Tests.xctest */;
			productType = "com.apple.product-type.bundle.unit-test";
		};
/* End PBXNativeTarget section */

/* Begin PBXProject section */
		374D791E17D822CF00FAE80C /* Project object */ = {
			isa = PBXProject;
			attributes = {
				LastUpgradeCheck = 0500;
				ORGANIZATIONNAME = "Genki Ishibashi";
				TargetAttributes = {
					374D792517D822CF00FAE80C = {
						DevelopmentTeam = 46H7VMNQ92;
					};
					4AE36E5C18D2206F000A8084 = {
						TestTargetID = 374D792517D822CF00FAE80C;
					};
				};
			};
			buildConfigurationList = 374D792117D822CF00FAE80C /* Build configuration list for PBXProject "Tubuyagi" */;
			compatibilityVersion = "Xcode 3.2";
			developmentRegion = English;
			hasScannedForEncodings = 0;
			knownRegions = (
				en,
			);
			mainGroup = 374D791D17D822CF00FAE80C;
			productRefGroup = 374D792717D822CF00FAE80C /* Products */;
			projectDirPath = "";
			projectRoot = "";
			targets = (
				374D792517D822CF00FAE80C /* Tubuyagi */,
				4AE36E5C18D2206F000A8084 /* Tubuyagi Tests */,
			);
		};
/* End PBXProject section */

/* Begin PBXResourcesBuildPhase section */
		374D792417D822CF00FAE80C /* Resources */ = {
			isa = PBXResourcesBuildPhase;
			buildActionMask = 2147483647;
			files = (
				374D793417D822D000FAE80C /* InfoPlist.strings in Resources */,
				374D793E17D822D000FAE80C /* Default@2x.png in Resources */,
				4AA7A6E3180EAAA500F0B13B /* real_ushiroashi.png in Resources */,
				374D794017D822D000FAE80C /* Default-568h@2x.png in Resources */,
				374D794617D822D000FAE80C /* ViewController.xib in Resources */,
				374D795E17D8291E00FAE80C /* gort.png in Resources */,
				4AA7A6E2180EAAA500F0B13B /* real_tarai.png in Resources */,
				374D795F17D8291E00FAE80C /* grassland.jpeg in Resources */,
				374D796017D8291E00FAE80C /* signBoard.png in Resources */,
				374D797417D8463800FAE80C /* FoodUIViewController.xib in Resources */,
				37CAC1FB17DDA6BB00854D4D /* DeleteWordTableViewController.xib in Resources */,
				4A2C7EA718E87F0000B87C25 /* tree.png in Resources */,
				37CAC1FD17DDB66B00854D4D /* arrow.png in Resources */,
				37CAC23C17DED99900854D4D /* FavoriteViewController.xib in Resources */,
				37CAC24117DEDDE400854D4D /* yagiSample.png in Resources */,
				3741853E17DFFF3300D68688 /* kamikuzu.png in Resources */,
				3741854017E02E7D00D68688 /* tarai.png in Resources */,
				3741854517E03D7600D68688 /* tarai.wav in Resources */,
				4AA7A6DB180EAAA500F0B13B /* real_a.png in Resources */,
				4A8B068317E0481D00B408BB /* icon.png in Resources */,
				4A8B068517E0484300B408BB /* icon-mini.png in Resources */,
				3741854917E0505D00D68688 /* startbutton.png in Resources */,
				3741854B17E07D0000D68688 /* paper.png in Resources */,
				4AA7A6F7180EAAAD00F0B13B /* normal_maeashi2.png in Resources */,
				3741854E17E082AE00D68688 /* Default-568h@2x.png in Resources */,
				4AA7A6F4180EAAAD00F0B13B /* normal_hukigen.png in Resources */,
				3741854F17E083FE00D68688 /* Default.png in Resources */,
				3741855017E0840A00D68688 /* Default@2x.png in Resources */,
				3741855D17E0A3E700D68688 /* background.png in Resources */,
				4AA7A6F8180EAAAD00F0B13B /* normal_mgmg.png in Resources */,
				3741855E17E0A3E700D68688 /* heart-big.png in Resources */,
				4AA7A6F6180EAAAD00F0B13B /* normal_maeashi.png in Resources */,
				4AA7A6E5180EAAA500F0B13B /* real_yoko.png in Resources */,
				3741855F17E0A3E700D68688 /* heart.png in Resources */,
				3741856017E0A3E700D68688 /* paper_2.jpg in Resources */,
				3741856117E0A3E700D68688 /* saku.png in Resources */,
				3741856217E0A3E700D68688 /* status_bar.png in Resources */,
				3741856417E0A3E700D68688 /* えさ-down.png in Resources */,
				4AA7A6DF180EAAA500F0B13B /* real_maeashi.png in Resources */,
				3741856517E0A3E700D68688 /* えさ.png in Resources */,
				3741856617E0A3E700D68688 /* おきに-down.png in Resources */,
				4AA7A6E1180EAAA500F0B13B /* real_mgmg.png in Resources */,
				4AA7A6FC180EAAAD00F0B13B /* normal_yoko.png in Resources */,
				3741856717E0A3E700D68688 /* おきに.png in Resources */,
				3741856A17E0A6D300D68688 /* button-down.png in Resources */,
				4AA7A6FB180EAAAD00F0B13B /* normal_ushiroashi2.png in Resources */,
				4AA7A6FA180EAAAD00F0B13B /* normal_ushiroashi.png in Resources */,
				3741856B17E0A6D300D68688 /* button-up.png in Resources */,
				4AA7A6DE180EAAA500F0B13B /* real_kao.png in Resources */,
				4AA7A6F5180EAAAD00F0B13B /* normal_kao.png in Resources */,
				3741856D17E0AD6000D68688 /* preference.png in Resources */,
				3742D34A17E15CB900C83680 /* back-down.png in Resources */,
				4AA7A6F2180EAAAD00F0B13B /* normal_doutai.png in Resources */,
				3742D34B17E15CB900C83680 /* back.png in Resources */,
				4AA7A6F9180EAAAD00F0B13B /* normal_tarai.png in Resources */,
				3742D34D17E18B1900C83680 /* story.png in Resources */,
				4AA7A6DD180EAAA500F0B13B /* real_hukigen.png in Resources */,
				4A4564FA17E1C04F00DA3013 /* paper.wav in Resources */,
				4A45650217E1C3FA00DA3013 /* yagi.wav in Resources */,
				3742D35317E1B07C00C83680 /* clock.png in Resources */,
				4AA7A6E4180EAAA500F0B13B /* real_ushiroashi2.png in Resources */,
				3742D35417E1B07C00C83680 /* crown.png in Resources */,
				3742D35517E1B07C00C83680 /* scroll.png in Resources */,
				3742D35817E1B69E00C83680 /* total-heart.png in Resources */,
				3742D35917E1B69E00C83680 /* vocant-heart.png in Resources */,
				4AEC6F4C18E5DFE700A7BC83 /* bell.png in Resources */,
				3742D35D17E1CAD200C83680 /* setting.png in Resources */,
				4AA7A6F3180EAAAD00F0B13B /* normal_a.png in Resources */,
				3742D36017E1D66100C83680 /* config_background_new.png in Resources */,
				3742D36317E1D86600C83680 /* tutorial_new2.png in Resources */,
				4AA7A6E0180EAAA500F0B13B /* real_maeashi2.png in Resources */,
				3742D36517E1ECA400C83680 /* batu2.png in Resources */,
				4ABA5EC517E27DED0041FB3C /* tutorial.png in Resources */,
				4ABA5EC717E27E740041FB3C /* tutorial_new3.png in Resources */,
				4AA7A6DC180EAAA500F0B13B /* real_doutai.png in Resources */,
			);
			runOnlyForDeploymentPostprocessing = 0;
		};
		4AE36E5B18D2206F000A8084 /* Resources */ = {
			isa = PBXResourcesBuildPhase;
			buildActionMask = 2147483647;
			files = (
				4AE36E6718D2206F000A8084 /* InfoPlist.strings in Resources */,
			);
			runOnlyForDeploymentPostprocessing = 0;
		};
/* End PBXResourcesBuildPhase section */

/* Begin PBXSourcesBuildPhase section */
		374D792217D822CF00FAE80C /* Sources */ = {
			isa = PBXSourcesBuildPhase;
			buildActionMask = 2147483647;
			files = (
				374D793617D822D000FAE80C /* main.m in Sources */,
				374D793A17D822D000FAE80C /* AppDelegate.m in Sources */,
				374D794317D822D000FAE80C /* ViewController.m in Sources */,
				4AB139E518DEC53600921337 /* FMDatabase.m in Sources */,
				374D797317D8463800FAE80C /* FoodUIViewController.m in Sources */,
				4AEE6B1C180E802E000C945A /* BAVPlistNode.m in Sources */,
				4AB139E918DEC53600921337 /* FMResultSet.m in Sources */,
				374D797D17D8552B00FAE80C /* bubbleView.m in Sources */,
				4AB139E718DEC53600921337 /* FMDatabasePool.m in Sources */,
				4AB139D818DDDEA400921337 /* FMDatabase+Tubuyagi.m in Sources */,
				4AEE6B12180E800D000C945A /* STTwitterHTML.m in Sources */,
				4AEE6B1D180E802E000C945A /* JSONSyntaxHighlight.m in Sources */,
				4AEE6B13180E800D000C945A /* STTwitterOAuth.m in Sources */,
				4AEE6B11180E800D000C945A /* STTwitterAppOnly.m in Sources */,
				4AEE6B14180E800D000C945A /* STTwitterOS.m in Sources */,
				4A63EB9D17D9BD5300C93F86 /* MarkovTextGenerator.m in Sources */,
				37D0612517DB422300F94E30 /* YagiView.m in Sources */,
				4A9CBCF518D70F6300E32BD9 /* STTwitterOSRequest.m in Sources */,
				4AEE6B1E180E802E000C945A /* STHTTPRequest.m in Sources */,
				4AB139ED18E4188800921337 /* NSDate+TimeAgo.m in Sources */,
				4AEE6B10180E800D000C945A /* STTwitterAPI.m in Sources */,
				4AEE6B0E180E800D000C945A /* NSString+STTwitter.m in Sources */,
				37CAC1FA17DDA6BB00854D4D /* DeleteWordTableViewController.m in Sources */,
				4AB139E618DEC53600921337 /* FMDatabaseAdditions.m in Sources */,
				4A2C7EAA18E8809C00B87C25 /* TreeView.m in Sources */,
				37CAC20017DDB7F000854D4D /* HeaderView.m in Sources */,
				37CAC23B17DED99900854D4D /* FavoriteViewController.m in Sources */,
				4AEC6F4F18E87B2A00A7BC83 /* FavoriteCustomViewCell.m in Sources */,
				4A9CBCF718D854F900E32BD9 /* AuthentificationKeys.m in Sources */,
				4AB139E818DEC53600921337 /* FMDatabaseQueue.m in Sources */,
				4AEC6F4A18E5666000A7BC83 /* ActivityCustomViewCell.m in Sources */,
				4A2F2F6E17F1D28C0017E97A /* NSString+SHA.m in Sources */,
				4A2F2F7117F1D8C50017E97A /* TweetsManager.m in Sources */,
				4AEE6B0F180E800D000C945A /* STHTTPRequest+STTwitter.m in Sources */,
				4A2C7EB118E8B4C300B87C25 /* CMPopTipView.m in Sources */,
			);
			runOnlyForDeploymentPostprocessing = 0;
		};
		4AE36E5918D2206F000A8084 /* Sources */ = {
			isa = PBXSourcesBuildPhase;
			buildActionMask = 2147483647;
			files = (
				4AE36E6918D2206F000A8084 /* Tubuyagi_Tests.m in Sources */,
				4AE36E7118D22202000A8084 /* TweetsManagerTests.m in Sources */,
			);
			runOnlyForDeploymentPostprocessing = 0;
		};
/* End PBXSourcesBuildPhase section */

/* Begin PBXTargetDependency section */
		4AE36E6C18D2206F000A8084 /* PBXTargetDependency */ = {
			isa = PBXTargetDependency;
			target = 374D792517D822CF00FAE80C /* Tubuyagi */;
			targetProxy = 4AE36E6B18D2206F000A8084 /* PBXContainerItemProxy */;
		};
/* End PBXTargetDependency section */

/* Begin PBXVariantGroup section */
		374D793217D822D000FAE80C /* InfoPlist.strings */ = {
			isa = PBXVariantGroup;
			children = (
				374D793317D822D000FAE80C /* en */,
			);
			name = InfoPlist.strings;
			sourceTree = "<group>";
		};
		374D794417D822D000FAE80C /* ViewController.xib */ = {
			isa = PBXVariantGroup;
			children = (
				374D794517D822D000FAE80C /* en */,
			);
			name = ViewController.xib;
			sourceTree = "<group>";
		};
		4AE36E6518D2206F000A8084 /* InfoPlist.strings */ = {
			isa = PBXVariantGroup;
			children = (
				4AE36E6618D2206F000A8084 /* en */,
			);
			name = InfoPlist.strings;
			sourceTree = "<group>";
		};
/* End PBXVariantGroup section */

/* Begin XCBuildConfiguration section */
		374D794717D822D000FAE80C /* Debug */ = {
			isa = XCBuildConfiguration;
			buildSettings = {
				ALWAYS_SEARCH_USER_PATHS = NO;
				CLANG_CXX_LANGUAGE_STANDARD = "gnu++0x";
				CLANG_CXX_LIBRARY = "libc++";
				CLANG_ENABLE_OBJC_ARC = YES;
				CLANG_WARN_CONSTANT_CONVERSION = YES;
				CLANG_WARN_EMPTY_BODY = YES;
				CLANG_WARN_ENUM_CONVERSION = YES;
				CLANG_WARN_INT_CONVERSION = YES;
				CLANG_WARN__DUPLICATE_METHOD_MATCH = YES;
				CODE_SIGN_IDENTITY = "iPhone Developer: Ippei Otsuka (JZW5DJYPD8)";
				"CODE_SIGN_IDENTITY[sdk=iphoneos*]" = "iPhone Developer";
				COPY_PHASE_STRIP = NO;
				GCC_C_LANGUAGE_STANDARD = gnu99;
				GCC_DYNAMIC_NO_PIC = NO;
				GCC_OPTIMIZATION_LEVEL = 0;
				GCC_PREPROCESSOR_DEFINITIONS = (
					"DEBUG=1",
					"$(inherited)",
				);
				GCC_SYMBOLS_PRIVATE_EXTERN = NO;
				GCC_WARN_ABOUT_RETURN_TYPE = YES;
				GCC_WARN_UNINITIALIZED_AUTOS = YES;
				GCC_WARN_UNUSED_VARIABLE = YES;
				IPHONEOS_DEPLOYMENT_TARGET = 7.0;
				ONLY_ACTIVE_ARCH = YES;
				PROVISIONING_PROFILE = "17790BCE-6B94-437E-8EDA-DBE8C147FFF0";
				SDKROOT = iphoneos;
			};
			name = Debug;
		};
		374D794817D822D000FAE80C /* Release */ = {
			isa = XCBuildConfiguration;
			buildSettings = {
				ALWAYS_SEARCH_USER_PATHS = NO;
				CLANG_CXX_LANGUAGE_STANDARD = "gnu++0x";
				CLANG_CXX_LIBRARY = "libc++";
				CLANG_ENABLE_OBJC_ARC = YES;
				CLANG_WARN_CONSTANT_CONVERSION = YES;
				CLANG_WARN_EMPTY_BODY = YES;
				CLANG_WARN_ENUM_CONVERSION = YES;
				CLANG_WARN_INT_CONVERSION = YES;
				CLANG_WARN__DUPLICATE_METHOD_MATCH = YES;
				CODE_SIGN_IDENTITY = "iPhone Developer: Ippei Otsuka (JZW5DJYPD8)";
				"CODE_SIGN_IDENTITY[sdk=iphoneos*]" = "iPhone Developer";
				COPY_PHASE_STRIP = YES;
				GCC_C_LANGUAGE_STANDARD = gnu99;
				GCC_WARN_ABOUT_RETURN_TYPE = YES;
				GCC_WARN_UNINITIALIZED_AUTOS = YES;
				GCC_WARN_UNUSED_VARIABLE = YES;
				IPHONEOS_DEPLOYMENT_TARGET = 7.0;
				OTHER_CFLAGS = "-DNS_BLOCK_ASSERTIONS=1";
				PROVISIONING_PROFILE = "17790BCE-6B94-437E-8EDA-DBE8C147FFF0";
				SDKROOT = iphoneos;
				VALIDATE_PRODUCT = YES;
			};
			name = Release;
		};
		374D794A17D822D000FAE80C /* Debug */ = {
			isa = XCBuildConfiguration;
			buildSettings = {
				CODE_SIGN_IDENTITY = "iPhone Developer";
				"CODE_SIGN_IDENTITY[sdk=iphoneos*]" = "iPhone Developer";
				GCC_PRECOMPILE_PREFIX_HEADER = YES;
				GCC_PREFIX_HEADER = "Tubuyagi/Tubuyagi-Prefix.pch";
				INFOPLIST_FILE = "Tubuyagi/Tubuyagi-Info.plist";
				IPHONEOS_DEPLOYMENT_TARGET = 6.0;
				PRODUCT_NAME = "$(TARGET_NAME)";
				PROVISIONING_PROFILE = "";
				SDKROOT = iphoneos;
				WRAPPER_EXTENSION = app;
			};
			name = Debug;
		};
		374D794B17D822D000FAE80C /* Release */ = {
			isa = XCBuildConfiguration;
			buildSettings = {
				CODE_SIGN_IDENTITY = "iPhone Developer";
				"CODE_SIGN_IDENTITY[sdk=iphoneos*]" = "iPhone Developer";
				GCC_PRECOMPILE_PREFIX_HEADER = YES;
				GCC_PREFIX_HEADER = "Tubuyagi/Tubuyagi-Prefix.pch";
				INFOPLIST_FILE = "Tubuyagi/Tubuyagi-Info.plist";
				IPHONEOS_DEPLOYMENT_TARGET = 6.0;
				PRODUCT_NAME = "$(TARGET_NAME)";
				PROVISIONING_PROFILE = "";
				SDKROOT = iphoneos;
				WRAPPER_EXTENSION = app;
			};
			name = Release;
		};
		4AE36E6D18D22070000A8084 /* Debug */ = {
			isa = XCBuildConfiguration;
			buildSettings = {
				BUNDLE_LOADER = "$(BUILT_PRODUCTS_DIR)/Tubuyagi.app/Tubuyagi";
				CLANG_ENABLE_MODULES = YES;
				CLANG_WARN_BOOL_CONVERSION = YES;
				CLANG_WARN_DIRECT_OBJC_ISA_USAGE = YES_ERROR;
				CLANG_WARN_OBJC_ROOT_CLASS = YES_ERROR;
				FRAMEWORK_SEARCH_PATHS = (
					"$(SDKROOT)/Developer/Library/Frameworks",
					"$(inherited)",
					"$(DEVELOPER_FRAMEWORKS_DIR)",
				);
				GCC_PRECOMPILE_PREFIX_HEADER = YES;
				GCC_PREFIX_HEADER = "Tubuyagi Tests/Tubuyagi Tests-Prefix.pch";
				GCC_PREPROCESSOR_DEFINITIONS = (
					"DEBUG=1",
					"$(inherited)",
				);
				GCC_WARN_64_TO_32_BIT_CONVERSION = YES;
				GCC_WARN_ABOUT_RETURN_TYPE = YES_ERROR;
				GCC_WARN_UNDECLARED_SELECTOR = YES;
				GCC_WARN_UNINITIALIZED_AUTOS = YES_AGGRESSIVE;
				GCC_WARN_UNUSED_FUNCTION = YES;
				INFOPLIST_FILE = "Tubuyagi Tests/Tubuyagi Tests-Info.plist";
				IPHONEOS_DEPLOYMENT_TARGET = 7.1;
				PRODUCT_NAME = "$(TARGET_NAME)";
				TEST_HOST = "$(BUNDLE_LOADER)";
				WRAPPER_EXTENSION = xctest;
			};
			name = Debug;
		};
		4AE36E6E18D22070000A8084 /* Release */ = {
			isa = XCBuildConfiguration;
			buildSettings = {
				BUNDLE_LOADER = "$(BUILT_PRODUCTS_DIR)/Tubuyagi.app/Tubuyagi";
				CLANG_ENABLE_MODULES = YES;
				CLANG_WARN_BOOL_CONVERSION = YES;
				CLANG_WARN_DIRECT_OBJC_ISA_USAGE = YES_ERROR;
				CLANG_WARN_OBJC_ROOT_CLASS = YES_ERROR;
				ENABLE_NS_ASSERTIONS = NO;
				FRAMEWORK_SEARCH_PATHS = (
					"$(SDKROOT)/Developer/Library/Frameworks",
					"$(inherited)",
					"$(DEVELOPER_FRAMEWORKS_DIR)",
				);
				GCC_PRECOMPILE_PREFIX_HEADER = YES;
				GCC_PREFIX_HEADER = "Tubuyagi Tests/Tubuyagi Tests-Prefix.pch";
				GCC_WARN_64_TO_32_BIT_CONVERSION = YES;
				GCC_WARN_ABOUT_RETURN_TYPE = YES_ERROR;
				GCC_WARN_UNDECLARED_SELECTOR = YES;
				GCC_WARN_UNINITIALIZED_AUTOS = YES_AGGRESSIVE;
				GCC_WARN_UNUSED_FUNCTION = YES;
				INFOPLIST_FILE = "Tubuyagi Tests/Tubuyagi Tests-Info.plist";
				IPHONEOS_DEPLOYMENT_TARGET = 7.1;
				PRODUCT_NAME = "$(TARGET_NAME)";
				TEST_HOST = "$(BUNDLE_LOADER)";
				WRAPPER_EXTENSION = xctest;
			};
			name = Release;
		};
/* End XCBuildConfiguration section */

/* Begin XCConfigurationList section */
		374D792117D822CF00FAE80C /* Build configuration list for PBXProject "Tubuyagi" */ = {
			isa = XCConfigurationList;
			buildConfigurations = (
				374D794717D822D000FAE80C /* Debug */,
				374D794817D822D000FAE80C /* Release */,
			);
			defaultConfigurationIsVisible = 0;
			defaultConfigurationName = Release;
		};
		374D794917D822D000FAE80C /* Build configuration list for PBXNativeTarget "Tubuyagi" */ = {
			isa = XCConfigurationList;
			buildConfigurations = (
				374D794A17D822D000FAE80C /* Debug */,
				374D794B17D822D000FAE80C /* Release */,
			);
			defaultConfigurationIsVisible = 0;
			defaultConfigurationName = Release;
		};
		4AE36E6F18D22070000A8084 /* Build configuration list for PBXNativeTarget "Tubuyagi Tests" */ = {
			isa = XCConfigurationList;
			buildConfigurations = (
				4AE36E6D18D22070000A8084 /* Debug */,
				4AE36E6E18D22070000A8084 /* Release */,
			);
			defaultConfigurationIsVisible = 0;
			defaultConfigurationName = Release;
		};
/* End XCConfigurationList section */
	};
	rootObject = 374D791E17D822CF00FAE80C /* Project object */;
}
